// !$*UTF8*$!
{
	archiveVersion = 1;
	classes = {
	};
	objectVersion = 48;
	objects = {

/* Begin PBXBuildFile section */
		00375D831F644AB6003C82DF /* AppDelegate.swift in Sources */ = {isa = PBXBuildFile; fileRef = 00375D821F644AB6003C82DF /* AppDelegate.swift */; };
		00375D851F644AB6003C82DF /* Scene.sks in Resources */ = {isa = PBXBuildFile; fileRef = 00375D841F644AB6003C82DF /* Scene.sks */; };
		00375D871F644AB6003C82DF /* Scene.swift in Sources */ = {isa = PBXBuildFile; fileRef = 00375D861F644AB6003C82DF /* Scene.swift */; };
		00375D891F644AB6003C82DF /* ViewController.swift in Sources */ = {isa = PBXBuildFile; fileRef = 00375D881F644AB6003C82DF /* ViewController.swift */; };
		00375D8C1F644AB6003C82DF /* Main.storyboard in Resources */ = {isa = PBXBuildFile; fileRef = 00375D8A1F644AB6003C82DF /* Main.storyboard */; };
		00375D8E1F644AB6003C82DF /* Assets.xcassets in Resources */ = {isa = PBXBuildFile; fileRef = 00375D8D1F644AB6003C82DF /* Assets.xcassets */; };
		00375D911F644AB6003C82DF /* LaunchScreen.storyboard in Resources */ = {isa = PBXBuildFile; fileRef = 00375D8F1F644AB6003C82DF /* LaunchScreen.storyboard */; };
/* End PBXBuildFile section */

/* Begin PBXFileReference section */
		00375D7F1F644AB6003C82DF /* New AR Game Test.app */ = {isa = PBXFileReference; explicitFileType = wrapper.application; includeInIndex = 0; path = "New AR Game Test.app"; sourceTree = BUILT_PRODUCTS_DIR; };
		00375D821F644AB6003C82DF /* AppDelegate.swift */ = {isa = PBXFileReference; lastKnownFileType = sourcecode.swift; path = AppDelegate.swift; sourceTree = "<group>"; };
		00375D841F644AB6003C82DF /* Scene.sks */ = {isa = PBXFileReference; lastKnownFileType = file.sks; path = Scene.sks; sourceTree = "<group>"; };
		00375D861F644AB6003C82DF /* Scene.swift */ = {isa = PBXFileReference; lastKnownFileType = sourcecode.swift; path = Scene.swift; sourceTree = "<group>"; };
		00375D881F644AB6003C82DF /* ViewController.swift */ = {isa = PBXFileReference; lastKnownFileType = sourcecode.swift; path = ViewController.swift; sourceTree = "<group>"; };
		00375D8B1F644AB6003C82DF /* Base */ = {isa = PBXFileReference; lastKnownFileType = file.storyboard; name = Base; path = Base.lproj/Main.storyboard; sourceTree = "<group>"; };
		00375D8D1F644AB6003C82DF /* Assets.xcassets */ = {isa = PBXFileReference; lastKnownFileType = folder.assetcatalog; path = Assets.xcassets; sourceTree = "<group>"; };
		00375D901F644AB6003C82DF /* Base */ = {isa = PBXFileReference; lastKnownFileType = file.storyboard; name = Base; path = Base.lproj/LaunchScreen.storyboard; sourceTree = "<group>"; };
		00375D921F644AB6003C82DF /* Info.plist */ = {isa = PBXFileReference; lastKnownFileType = text.plist.xml; path = Info.plist; sourceTree = "<group>"; };
/* End PBXFileReference section */

/* Begin PBXFrameworksBuildPhase section */
		00375D7C1F644AB6003C82DF /* Frameworks */ = {
			isa = PBXFrameworksBuildPhase;
			buildActionMask = 2147483647;
			files = (
			);
			runOnlyForDeploymentPostprocessing = 0;
		};
/* End PBXFrameworksBuildPhase section */

/* Begin PBXGroup section */
		00375D761F644AB6003C82DF = {
			isa = PBXGroup;
			children = (
				00375D811F644AB6003C82DF /* New AR Game Test */,
				00375D801F644AB6003C82DF /* Products */,
			);
			sourceTree = "<group>";
		};
		00375D801F644AB6003C82DF /* Products */ = {
			isa = PBXGroup;
			children = (
				00375D7F1F644AB6003C82DF /* New AR Game Test.app */,
			);
			name = Products;
			sourceTree = "<group>";
		};
		00375D811F644AB6003C82DF /* New AR Game Test */ = {
			isa = PBXGroup;
			children = (
				00375D821F644AB6003C82DF /* AppDelegate.swift */,
				00375D841F644AB6003C82DF /* Scene.sks */,
				00375D861F644AB6003C82DF /* Scene.swift */,
				00375D881F644AB6003C82DF /* ViewController.swift */,
				00375D8A1F644AB6003C82DF /* Main.storyboard */,
				00375D8D1F644AB6003C82DF /* Assets.xcassets */,
				00375D8F1F644AB6003C82DF /* LaunchScreen.storyboard */,
				00375D921F644AB6003C82DF /* Info.plist */,
			);
			path = "New AR Game Test";
			sourceTree = "<group>";
		};
/* End PBXGroup section */

/* Begin PBXNativeTarget section */
		00375D7E1F644AB6003C82DF /* New AR Game Test */ = {
			isa = PBXNativeTarget;
			buildConfigurationList = 00375D951F644AB6003C82DF /* Build configuration list for PBXNativeTarget "New AR Game Test" */;
			buildPhases = (
				00375D7B1F644AB6003C82DF /* Sources */,
				00375D7C1F644AB6003C82DF /* Frameworks */,
				00375D7D1F644AB6003C82DF /* Resources */,
			);
			buildRules = (
			);
			dependencies = (
			);
			name = "New AR Game Test";
			productName = "New AR Game Test";
			productReference = 00375D7F1F644AB6003C82DF /* New AR Game Test.app */;
			productType = "com.apple.product-type.application";
		};
/* End PBXNativeTarget section */

/* Begin PBXProject section */
		00375D771F644AB6003C82DF /* Project object */ = {
			isa = PBXProject;
			attributes = {
				LastSwiftUpdateCheck = 0900;
				LastUpgradeCheck = 0900;
				ORGANIZATIONNAME = "Caleb Wells";
				TargetAttributes = {
					00375D7E1F644AB6003C82DF = {
						CreatedOnToolsVersion = 9.0;
						ProvisioningStyle = Automatic;
					};
				};
			};
			buildConfigurationList = 00375D7A1F644AB6003C82DF /* Build configuration list for PBXProject "New AR Game Test" */;
			compatibilityVersion = "Xcode 8.0";
			developmentRegion = en;
			hasScannedForEncodings = 0;
			knownRegions = (
				en,
				Base,
			);
			mainGroup = 00375D761F644AB6003C82DF;
			productRefGroup = 00375D801F644AB6003C82DF /* Products */;
			projectDirPath = "";
			projectRoot = "";
			targets = (
				00375D7E1F644AB6003C82DF /* New AR Game Test */,
			);
		};
/* End PBXProject section */

/* Begin PBXResourcesBuildPhase section */
		00375D7D1F644AB6003C82DF /* Resources */ = {
			isa = PBXResourcesBuildPhase;
			buildActionMask = 2147483647;
			files = (
				00375D851F644AB6003C82DF /* Scene.sks in Resources */,
				00375D911F644AB6003C82DF /* LaunchScreen.storyboard in Resources */,
				00375D8E1F644AB6003C82DF /* Assets.xcassets in Resources */,
				00375D8C1F644AB6003C82DF /* Main.storyboard in Resources */,
			);
			runOnlyForDeploymentPostprocessing = 0;
		};
/* End PBXResourcesBuildPhase section */

/* Begin PBXSourcesBuildPhase section */
		00375D7B1F644AB6003C82DF /* Sources */ = {
			isa = PBXSourcesBuildPhase;
			buildActionMask = 2147483647;
			files = (
				00375D891F644AB6003C82DF /* ViewController.swift in Sources */,
				00375D871F644AB6003C82DF /* Scene.swift in Sources */,
				00375D831F644AB6003C82DF /* AppDelegate.swift in Sources */,
			);
			runOnlyForDeploymentPostprocessing = 0;
		};
/* End PBXSourcesBuildPhase section */

/* Begin PBXVariantGroup section */
		00375D8A1F644AB6003C82DF /* Main.storyboard */ = {
			isa = PBXVariantGroup;
			children = (
				00375D8B1F644AB6003C82DF /* Base */,
			);
			name = Main.storyboard;
			sourceTree = "<group>";
		};
		00375D8F1F644AB6003C82DF /* LaunchScreen.storyboard */ = {
			isa = PBXVariantGroup;
			children = (
				00375D901F644AB6003C82DF /* Base */,
			);
			name = LaunchScreen.storyboard;
			sourceTree = "<group>";
		};
/* End PBXVariantGroup section */

/* Begin XCBuildConfiguration section */
		00375D931F644AB6003C82DF /* Debug */ = {
			isa = XCBuildConfiguration;
			buildSettings = {
				ALWAYS_SEARCH_USER_PATHS = NO;
				CLANG_ANALYZER_NONNULL = YES;
				CLANG_ANALYZER_NUMBER_OBJECT_CONVERSION = YES_AGGRESSIVE;
				CLANG_CXX_LANGUAGE_STANDARD = "gnu++14";
				CLANG_CXX_LIBRARY = "libc++";
				CLANG_ENABLE_MODULES = YES;
				CLANG_ENABLE_OBJC_ARC = YES;
				CLANG_WARN_BLOCK_CAPTURE_AUTORELEASING = YES;
				CLANG_WARN_BOOL_CONVERSION = YES;
				CLANG_WARN_COMMA = YES;
				CLANG_WARN_CONSTANT_CONVERSION = YES;
				CLANG_WARN_DIRECT_OBJC_ISA_USAGE = YES_ERROR;
				CLANG_WARN_DOCUMENTATION_COMMENTS = YES;
				CLANG_WARN_EMPTY_BODY = YES;
				CLANG_WARN_ENUM_CONVERSION = YES;
				CLANG_WARN_INFINITE_RECURSION = YES;
				CLANG_WARN_INT_CONVERSION = YES;
				CLANG_WARN_NON_LITERAL_NULL_CONVERSION = YES;
				CLANG_WARN_OBJC_LITERAL_CONVERSION = YES;
				CLANG_WARN_OBJC_ROOT_CLASS = YES_ERROR;
				CLANG_WARN_RANGE_LOOP_ANALYSIS = YES;
				CLANG_WARN_STRICT_PROTOTYPES = YES;
				CLANG_WARN_SUSPICIOUS_MOVE = YES;
				CLANG_WARN_UNGUARDED_AVAILABILITY = YES_AGGRESSIVE;
				CLANG_WARN_UNREACHABLE_CODE = YES;
				CLANG_WARN__DUPLICATE_METHOD_MATCH = YES;
				CODE_SIGN_IDENTITY = "iPhone Developer";
				COPY_PHASE_STRIP = NO;
				DEBUG_INFORMATION_FORMAT = dwarf;
				ENABLE_STRICT_OBJC_MSGSEND = YES;
				ENABLE_TESTABILITY = YES;
				GCC_C_LANGUAGE_STANDARD = gnu11;
				GCC_DYNAMIC_NO_PIC = NO;
				GCC_NO_COMMON_BLOCKS = YES;
				GCC_OPTIMIZATION_LEVEL = 0;
				GCC_PREPROCESSOR_DEFINITIONS = (
					"DEBUG=1",
					"$(inherited)",
				);
				GCC_WARN_64_TO_32_BIT_CONVERSION = YES;
				GCC_WARN_ABOUT_RETURN_TYPE = YES_ERROR;
				GCC_WARN_UNDECLARED_SELECTOR = YES;
				GCC_WARN_UNINITIALIZED_AUTOS = YES_AGGRESSIVE;
				GCC_WARN_UNUSED_FUNCTION = YES;
				GCC_WARN_UNUSED_VARIABLE = YES;
				IPHONEOS_DEPLOYMENT_TARGET = 11.0;
				MTL_ENABLE_DEBUG_INFO = YES;
				ONLY_ACTIVE_ARCH = YES;
				SDKROOT = iphoneos;
				SWIFT_ACTIVE_COMPILATION_CONDITIONS = DEBUG;
				SWIFT_OPTIMIZATION_LEVEL = "-Onone";
			};
			name = Debug;
		};
		00375D941F644AB6003C82DF /* Release */ = {
			isa = XCBuildConfiguration;
			buildSettings = {
				ALWAYS_SEARCH_USER_PATHS = NO;
				CLANG_ANALYZER_NONNULL = YES;
				CLANG_ANALYZER_NUMBER_OBJECT_CONVERSION = YES_AGGRESSIVE;
				CLANG_CXX_LANGUAGE_STANDARD = "gnu++14";
				CLANG_CXX_LIBRARY = "libc++";
				CLANG_ENABLE_MODULES = YES;
				CLANG_ENABLE_OBJC_ARC = YES;
				CLANG_WARN_BLOCK_CAPTURE_AUTORELEASING = YES;
				CLANG_WARN_BOOL_CONVERSION = YES;
				CLANG_WARN_COMMA = YES;
				CLANG_WARN_CONSTANT_CONVERSION = YES;
				CLANG_WARN_DIRECT_OBJC_ISA_USAGE = YES_ERROR;
				CLANG_WARN_DOCUMENTATION_COMMENTS = YES;
				CLANG_WARN_EMPTY_BODY = YES;
				CLANG_WARN_ENUM_CONVERSION = YES;
				CLANG_WARN_INFINITE_RECURSION = YES;
				CLANG_WARN_INT_CONVERSION = YES;
				CLANG_WARN_NON_LITERAL_NULL_CONVERSION = YES;
				CLANG_WARN_OBJC_LITERAL_CONVERSION = YES;
				CLANG_WARN_OBJC_ROOT_CLASS = YES_ERROR;
				CLANG_WARN_RANGE_LOOP_ANALYSIS = YES;
				CLANG_WARN_STRICT_PROTOTYPES = YES;
				CLANG_WARN_SUSPICIOUS_MOVE = YES;
				CLANG_WARN_UNGUARDED_AVAILABILITY = YES_AGGRESSIVE;
				CLANG_WARN_UNREACHABLE_CODE = YES;
				CLANG_WARN__DUPLICATE_METHOD_MATCH = YES;
				CODE_SIGN_IDENTITY = "iPhone Developer";
				COPY_PHASE_STRIP = NO;
				DEBUG_INFORMATION_FORMAT = "dwarf-with-dsym";
				ENABLE_NS_ASSERTIONS = NO;
				ENABLE_STRICT_OBJC_MSGSEND = YES;
				GCC_C_LANGUAGE_STANDARD = gnu11;
				GCC_NO_COMMON_BLOCKS = YES;
				GCC_WARN_64_TO_32_BIT_CONVERSION = YES;
				GCC_WARN_ABOUT_RETURN_TYPE = YES_ERROR;
				GCC_WARN_UNDECLARED_SELECTOR = YES;
				GCC_WARN_UNINITIALIZED_AUTOS = YES_AGGRESSIVE;
				GCC_WARN_UNUSED_FUNCTION = YES;
				GCC_WARN_UNUSED_VARIABLE = YES;
				IPHONEOS_DEPLOYMENT_TARGET = 11.0;
				MTL_ENABLE_DEBUG_INFO = NO;
				SDKROOT = iphoneos;
				SWIFT_OPTIMIZATION_LEVEL = "-Owholemodule";
				VALIDATE_PRODUCT = YES;
			};
			name = Release;
		};
		00375D961F644AB6003C82DF /* Debug */ = {
			isa = XCBuildConfiguration;
			buildSettings = {
				ASSETCATALOG_COMPILER_APPICON_NAME = AppIcon;
				CODE_SIGN_STYLE = Automatic;
				DEVELOPMENT_TEAM = 33NUGZ4GWE;
				INFOPLIST_FILE = "New AR Game Test/Info.plist";
				LD_RUNPATH_SEARCH_PATHS = "$(inherited) @executable_path/Frameworks";
				PRODUCT_BUNDLE_IDENTIFIER = "com.calebrwells.New-AR-Game-Test";
				PRODUCT_NAME = "$(TARGET_NAME)";
				SWIFT_VERSION = 4.0;
				TARGETED_DEVICE_FAMILY = "1,2";
			};
			name = Debug;
		};
		00375D971F644AB6003C82DF /* Release */ = {
			isa = XCBuildConfiguration;
			buildSettings = {
				ASSETCATALOG_COMPILER_APPICON_NAME = AppIcon;
				CODE_SIGN_STYLE = Automatic;
				DEVELOPMENT_TEAM = 33NUGZ4GWE;
				INFOPLIST_FILE = "New AR Game Test/Info.plist";
				LD_RUNPATH_SEARCH_PATHS = "$(inherited) @executable_path/Frameworks";
				PRODUCT_BUNDLE_IDENTIFIER = "com.calebrwells.New-AR-Game-Test";
				PRODUCT_NAME = "$(TARGET_NAME)";
				SWIFT_VERSION = 4.0;
				TARGETED_DEVICE_FAMILY = "1,2";
			};
			name = Release;
		};
/* End XCBuildConfiguration section */

/* Begin XCConfigurationList section */
		00375D7A1F644AB6003C82DF /* Build configuration list for PBXProject "New AR Game Test" */ = {
			isa = XCConfigurationList;
			buildConfigurations = (
				00375D931F644AB6003C82DF /* Debug */,
				00375D941F644AB6003C82DF /* Release */,
			);
			defaultConfigurationIsVisible = 0;
			defaultConfigurationName = Release;
		};
		00375D951F644AB6003C82DF /* Build configuration list for PBXNativeTarget "New AR Game Test" */ = {
			isa = XCConfigurationList;
			buildConfigurations = (
				00375D961F644AB6003C82DF /* Debug */,
				00375D971F644AB6003C82DF /* Release */,
			);
			defaultConfigurationIsVisible = 0;
			defaultConfigurationName = Release;
		};
/* End XCConfigurationList section */
	};
	rootObject = 00375D771F644AB6003C82DF /* Project object */;
}
