// !$*UTF8*$!
{
	archiveVersion = 1;
	classes = {
	};
	objectVersion = 48;
	objects = {

/* Begin PBXBuildFile section */
		005E1E841F7752CE0032C7EF /* AppDelegate.swift in Sources */ = {isa = PBXBuildFile; fileRef = 005E1E831F7752CE0032C7EF /* AppDelegate.swift */; };
		005E1E861F7752CE0032C7EF /* art.scnassets in Resources */ = {isa = PBXBuildFile; fileRef = 005E1E851F7752CE0032C7EF /* art.scnassets */; };
		005E1E881F7752CE0032C7EF /* ViewController.swift in Sources */ = {isa = PBXBuildFile; fileRef = 005E1E871F7752CE0032C7EF /* ViewController.swift */; };
		005E1E8B1F7752CE0032C7EF /* Main.storyboard in Resources */ = {isa = PBXBuildFile; fileRef = 005E1E891F7752CE0032C7EF /* Main.storyboard */; };
		005E1E8D1F7752CE0032C7EF /* Assets.xcassets in Resources */ = {isa = PBXBuildFile; fileRef = 005E1E8C1F7752CE0032C7EF /* Assets.xcassets */; };
		005E1E901F7752CE0032C7EF /* LaunchScreen.storyboard in Resources */ = {isa = PBXBuildFile; fileRef = 005E1E8E1F7752CE0032C7EF /* LaunchScreen.storyboard */; };
		005E1E9E1F7753390032C7EF /* blockerList.json in Resources */ = {isa = PBXBuildFile; fileRef = 005E1E9D1F7753390032C7EF /* blockerList.json */; };
		005E1EA01F7753390032C7EF /* ContentBlockerRequestHandler.swift in Sources */ = {isa = PBXBuildFile; fileRef = 005E1E9F1F7753390032C7EF /* ContentBlockerRequestHandler.swift */; };
		005E1EA41F7753390032C7EF /* Adbusters.appex in Embed App Extensions */ = {isa = PBXBuildFile; fileRef = 005E1E9B1F7753390032C7EF /* Adbusters.appex */; settings = {ATTRIBUTES = (RemoveHeadersOnCopy, ); }; };
/* End PBXBuildFile section */

/* Begin PBXContainerItemProxy section */
		005E1EA21F7753390032C7EF /* PBXContainerItemProxy */ = {
			isa = PBXContainerItemProxy;
			containerPortal = 005E1E781F7752CE0032C7EF /* Project object */;
			proxyType = 1;
			remoteGlobalIDString = 005E1E9A1F7753390032C7EF;
			remoteInfo = Adbusters;
		};
/* End PBXContainerItemProxy section */

/* Begin PBXCopyFilesBuildPhase section */
		005E1EA81F7753390032C7EF /* Embed App Extensions */ = {
			isa = PBXCopyFilesBuildPhase;
			buildActionMask = 2147483647;
			dstPath = "";
			dstSubfolderSpec = 13;
			files = (
				005E1EA41F7753390032C7EF /* Adbusters.appex in Embed App Extensions */,
			);
			name = "Embed App Extensions";
			runOnlyForDeploymentPostprocessing = 0;
		};
/* End PBXCopyFilesBuildPhase section */

/* Begin PBXFileReference section */
		005E1E801F7752CE0032C7EF /* Adbusters AR.app */ = {isa = PBXFileReference; explicitFileType = wrapper.application; includeInIndex = 0; path = "Adbusters AR.app"; sourceTree = BUILT_PRODUCTS_DIR; };
		005E1E831F7752CE0032C7EF /* AppDelegate.swift */ = {isa = PBXFileReference; lastKnownFileType = sourcecode.swift; path = AppDelegate.swift; sourceTree = "<group>"; };
		005E1E851F7752CE0032C7EF /* art.scnassets */ = {isa = PBXFileReference; lastKnownFileType = wrapper.scnassets; path = art.scnassets; sourceTree = "<group>"; };
		005E1E871F7752CE0032C7EF /* ViewController.swift */ = {isa = PBXFileReference; lastKnownFileType = sourcecode.swift; path = ViewController.swift; sourceTree = "<group>"; };
		005E1E8A1F7752CE0032C7EF /* Base */ = {isa = PBXFileReference; lastKnownFileType = file.storyboard; name = Base; path = Base.lproj/Main.storyboard; sourceTree = "<group>"; };
		005E1E8C1F7752CE0032C7EF /* Assets.xcassets */ = {isa = PBXFileReference; lastKnownFileType = folder.assetcatalog; path = Assets.xcassets; sourceTree = "<group>"; };
		005E1E8F1F7752CE0032C7EF /* Base */ = {isa = PBXFileReference; lastKnownFileType = file.storyboard; name = Base; path = Base.lproj/LaunchScreen.storyboard; sourceTree = "<group>"; };
		005E1E911F7752CE0032C7EF /* Info.plist */ = {isa = PBXFileReference; lastKnownFileType = text.plist.xml; path = Info.plist; sourceTree = "<group>"; };
		005E1E9B1F7753390032C7EF /* Adbusters.appex */ = {isa = PBXFileReference; explicitFileType = "wrapper.app-extension"; includeInIndex = 0; path = Adbusters.appex; sourceTree = BUILT_PRODUCTS_DIR; };
		005E1E9D1F7753390032C7EF /* blockerList.json */ = {isa = PBXFileReference; lastKnownFileType = text.json; path = blockerList.json; sourceTree = "<group>"; };
		005E1E9F1F7753390032C7EF /* ContentBlockerRequestHandler.swift */ = {isa = PBXFileReference; lastKnownFileType = sourcecode.swift; path = ContentBlockerRequestHandler.swift; sourceTree = "<group>"; };
		005E1EA11F7753390032C7EF /* Info.plist */ = {isa = PBXFileReference; lastKnownFileType = text.plist.xml; path = Info.plist; sourceTree = "<group>"; };
/* End PBXFileReference section */

/* Begin PBXFrameworksBuildPhase section */
		005E1E7D1F7752CE0032C7EF /* Frameworks */ = {
			isa = PBXFrameworksBuildPhase;
			buildActionMask = 2147483647;
			files = (
			);
			runOnlyForDeploymentPostprocessing = 0;
		};
		005E1E981F7753390032C7EF /* Frameworks */ = {
			isa = PBXFrameworksBuildPhase;
			buildActionMask = 2147483647;
			files = (
			);
			runOnlyForDeploymentPostprocessing = 0;
		};
/* End PBXFrameworksBuildPhase section */

/* Begin PBXGroup section */
		005E1E771F7752CE0032C7EF = {
			isa = PBXGroup;
			children = (
				005E1E821F7752CE0032C7EF /* Adbusters AR */,
				005E1E9C1F7753390032C7EF /* Adbusters */,
				005E1E811F7752CE0032C7EF /* Products */,
			);
			sourceTree = "<group>";
		};
		005E1E811F7752CE0032C7EF /* Products */ = {
			isa = PBXGroup;
			children = (
				005E1E801F7752CE0032C7EF /* Adbusters AR.app */,
				005E1E9B1F7753390032C7EF /* Adbusters.appex */,
			);
			name = Products;
			sourceTree = "<group>";
		};
		005E1E821F7752CE0032C7EF /* Adbusters AR */ = {
			isa = PBXGroup;
			children = (
				005E1E831F7752CE0032C7EF /* AppDelegate.swift */,
				005E1E851F7752CE0032C7EF /* art.scnassets */,
				005E1E871F7752CE0032C7EF /* ViewController.swift */,
				005E1E891F7752CE0032C7EF /* Main.storyboard */,
				005E1E8C1F7752CE0032C7EF /* Assets.xcassets */,
				005E1E8E1F7752CE0032C7EF /* LaunchScreen.storyboard */,
				005E1E911F7752CE0032C7EF /* Info.plist */,
			);
			path = "Adbusters AR";
			sourceTree = "<group>";
		};
		005E1E9C1F7753390032C7EF /* Adbusters */ = {
			isa = PBXGroup;
			children = (
				005E1E9D1F7753390032C7EF /* blockerList.json */,
				005E1E9F1F7753390032C7EF /* ContentBlockerRequestHandler.swift */,
				005E1EA11F7753390032C7EF /* Info.plist */,
			);
			path = Adbusters;
			sourceTree = "<group>";
		};
/* End PBXGroup section */

/* Begin PBXNativeTarget section */
		005E1E7F1F7752CE0032C7EF /* Adbusters AR */ = {
			isa = PBXNativeTarget;
			buildConfigurationList = 005E1E941F7752CE0032C7EF /* Build configuration list for PBXNativeTarget "Adbusters AR" */;
			buildPhases = (
				005E1E7C1F7752CE0032C7EF /* Sources */,
				005E1E7D1F7752CE0032C7EF /* Frameworks */,
				005E1E7E1F7752CE0032C7EF /* Resources */,
				005E1EA81F7753390032C7EF /* Embed App Extensions */,
			);
			buildRules = (
			);
			dependencies = (
				005E1EA31F7753390032C7EF /* PBXTargetDependency */,
			);
			name = "Adbusters AR";
			productName = "Adbusters AR";
			productReference = 005E1E801F7752CE0032C7EF /* Adbusters AR.app */;
			productType = "com.apple.product-type.application";
		};
		005E1E9A1F7753390032C7EF /* Adbusters */ = {
			isa = PBXNativeTarget;
			buildConfigurationList = 005E1EA51F7753390032C7EF /* Build configuration list for PBXNativeTarget "Adbusters" */;
			buildPhases = (
				005E1E971F7753390032C7EF /* Sources */,
				005E1E981F7753390032C7EF /* Frameworks */,
				005E1E991F7753390032C7EF /* Resources */,
			);
			buildRules = (
			);
			dependencies = (
			);
			name = Adbusters;
			productName = Adbusters;
			productReference = 005E1E9B1F7753390032C7EF /* Adbusters.appex */;
			productType = "com.apple.product-type.app-extension";
		};
/* End PBXNativeTarget section */

/* Begin PBXProject section */
		005E1E781F7752CE0032C7EF /* Project object */ = {
			isa = PBXProject;
			attributes = {
				LastSwiftUpdateCheck = 0900;
				LastUpgradeCheck = 0900;
				ORGANIZATIONNAME = "Caleb Wells";
				TargetAttributes = {
					005E1E7F1F7752CE0032C7EF = {
						CreatedOnToolsVersion = 9.0;
						ProvisioningStyle = Automatic;
					};
					005E1E9A1F7753390032C7EF = {
						CreatedOnToolsVersion = 9.0;
						ProvisioningStyle = Automatic;
					};
				};
			};
			buildConfigurationList = 005E1E7B1F7752CE0032C7EF /* Build configuration list for PBXProject "Adbusters AR" */;
			compatibilityVersion = "Xcode 8.0";
			developmentRegion = en;
			hasScannedForEncodings = 0;
			knownRegions = (
				en,
				Base,
			);
			mainGroup = 005E1E771F7752CE0032C7EF;
			productRefGroup = 005E1E811F7752CE0032C7EF /* Products */;
			projectDirPath = "";
			projectRoot = "";
			targets = (
				005E1E7F1F7752CE0032C7EF /* Adbusters AR */,
				005E1E9A1F7753390032C7EF /* Adbusters */,
			);
		};
/* End PBXProject section */

/* Begin PBXResourcesBuildPhase section */
		005E1E7E1F7752CE0032C7EF /* Resources */ = {
			isa = PBXResourcesBuildPhase;
			buildActionMask = 2147483647;
			files = (
				005E1E861F7752CE0032C7EF /* art.scnassets in Resources */,
				005E1E901F7752CE0032C7EF /* LaunchScreen.storyboard in Resources */,
				005E1E8D1F7752CE0032C7EF /* Assets.xcassets in Resources */,
				005E1E8B1F7752CE0032C7EF /* Main.storyboard in Resources */,
			);
			runOnlyForDeploymentPostprocessing = 0;
		};
		005E1E991F7753390032C7EF /* Resources */ = {
			isa = PBXResourcesBuildPhase;
			buildActionMask = 2147483647;
			files = (
				005E1E9E1F7753390032C7EF /* blockerList.json in Resources */,
			);
			runOnlyForDeploymentPostprocessing = 0;
		};
/* End PBXResourcesBuildPhase section */

/* Begin PBXSourcesBuildPhase section */
		005E1E7C1F7752CE0032C7EF /* Sources */ = {
			isa = PBXSourcesBuildPhase;
			buildActionMask = 2147483647;
			files = (
				005E1E881F7752CE0032C7EF /* ViewController.swift in Sources */,
				005E1E841F7752CE0032C7EF /* AppDelegate.swift in Sources */,
			);
			runOnlyForDeploymentPostprocessing = 0;
		};
		005E1E971F7753390032C7EF /* Sources */ = {
			isa = PBXSourcesBuildPhase;
			buildActionMask = 2147483647;
			files = (
				005E1EA01F7753390032C7EF /* ContentBlockerRequestHandler.swift in Sources */,
			);
			runOnlyForDeploymentPostprocessing = 0;
		};
/* End PBXSourcesBuildPhase section */

/* Begin PBXTargetDependency section */
		005E1EA31F7753390032C7EF /* PBXTargetDependency */ = {
			isa = PBXTargetDependency;
			target = 005E1E9A1F7753390032C7EF /* Adbusters */;
			targetProxy = 005E1EA21F7753390032C7EF /* PBXContainerItemProxy */;
		};
/* End PBXTargetDependency section */

/* Begin PBXVariantGroup section */
		005E1E891F7752CE0032C7EF /* Main.storyboard */ = {
			isa = PBXVariantGroup;
			children = (
				005E1E8A1F7752CE0032C7EF /* Base */,
			);
			name = Main.storyboard;
			sourceTree = "<group>";
		};
		005E1E8E1F7752CE0032C7EF /* LaunchScreen.storyboard */ = {
			isa = PBXVariantGroup;
			children = (
				005E1E8F1F7752CE0032C7EF /* Base */,
			);
			name = LaunchScreen.storyboard;
			sourceTree = "<group>";
		};
/* End PBXVariantGroup section */

/* Begin XCBuildConfiguration section */
		005E1E921F7752CE0032C7EF /* Debug */ = {
			isa = XCBuildConfiguration;
			buildSettings = {
				ALWAYS_SEARCH_USER_PATHS = NO;
				CLANG_ANALYZER_NONNULL = YES;
				CLANG_ANALYZER_NUMBER_OBJECT_CONVERSION = YES_AGGRESSIVE;
				CLANG_CXX_LANGUAGE_STANDARD = "gnu++14";
				CLANG_CXX_LIBRARY = "libc++";
				CLANG_ENABLE_MODULES = YES;
				CLANG_ENABLE_OBJC_ARC = YES;
				CLANG_WARN_BLOCK_CAPTURE_AUTORELEASING = YES;
				CLANG_WARN_BOOL_CONVERSION = YES;
				CLANG_WARN_COMMA = YES;
				CLANG_WARN_CONSTANT_CONVERSION = YES;
				CLANG_WARN_DIRECT_OBJC_ISA_USAGE = YES_ERROR;
				CLANG_WARN_DOCUMENTATION_COMMENTS = YES;
				CLANG_WARN_EMPTY_BODY = YES;
				CLANG_WARN_ENUM_CONVERSION = YES;
				CLANG_WARN_INFINITE_RECURSION = YES;
				CLANG_WARN_INT_CONVERSION = YES;
				CLANG_WARN_NON_LITERAL_NULL_CONVERSION = YES;
				CLANG_WARN_OBJC_LITERAL_CONVERSION = YES;
				CLANG_WARN_OBJC_ROOT_CLASS = YES_ERROR;
				CLANG_WARN_RANGE_LOOP_ANALYSIS = YES;
				CLANG_WARN_STRICT_PROTOTYPES = YES;
				CLANG_WARN_SUSPICIOUS_MOVE = YES;
				CLANG_WARN_UNGUARDED_AVAILABILITY = YES_AGGRESSIVE;
				CLANG_WARN_UNREACHABLE_CODE = YES;
				CLANG_WARN__DUPLICATE_METHOD_MATCH = YES;
				CODE_SIGN_IDENTITY = "iPhone Developer";
				COPY_PHASE_STRIP = NO;
				DEBUG_INFORMATION_FORMAT = dwarf;
				ENABLE_STRICT_OBJC_MSGSEND = YES;
				ENABLE_TESTABILITY = YES;
				GCC_C_LANGUAGE_STANDARD = gnu11;
				GCC_DYNAMIC_NO_PIC = NO;
				GCC_NO_COMMON_BLOCKS = YES;
				GCC_OPTIMIZATION_LEVEL = 0;
				GCC_PREPROCESSOR_DEFINITIONS = (
					"DEBUG=1",
					"$(inherited)",
				);
				GCC_WARN_64_TO_32_BIT_CONVERSION = YES;
				GCC_WARN_ABOUT_RETURN_TYPE = YES_ERROR;
				GCC_WARN_UNDECLARED_SELECTOR = YES;
				GCC_WARN_UNINITIALIZED_AUTOS = YES_AGGRESSIVE;
				GCC_WARN_UNUSED_FUNCTION = YES;
				GCC_WARN_UNUSED_VARIABLE = YES;
				IPHONEOS_DEPLOYMENT_TARGET = 11.0;
				MTL_ENABLE_DEBUG_INFO = YES;
				ONLY_ACTIVE_ARCH = YES;
				SDKROOT = iphoneos;
				SWIFT_ACTIVE_COMPILATION_CONDITIONS = DEBUG;
				SWIFT_OPTIMIZATION_LEVEL = "-Onone";
			};
			name = Debug;
		};
		005E1E931F7752CE0032C7EF /* Release */ = {
			isa = XCBuildConfiguration;
			buildSettings = {
				ALWAYS_SEARCH_USER_PATHS = NO;
				CLANG_ANALYZER_NONNULL = YES;
				CLANG_ANALYZER_NUMBER_OBJECT_CONVERSION = YES_AGGRESSIVE;
				CLANG_CXX_LANGUAGE_STANDARD = "gnu++14";
				CLANG_CXX_LIBRARY = "libc++";
				CLANG_ENABLE_MODULES = YES;
				CLANG_ENABLE_OBJC_ARC = YES;
				CLANG_WARN_BLOCK_CAPTURE_AUTORELEASING = YES;
				CLANG_WARN_BOOL_CONVERSION = YES;
				CLANG_WARN_COMMA = YES;
				CLANG_WARN_CONSTANT_CONVERSION = YES;
				CLANG_WARN_DIRECT_OBJC_ISA_USAGE = YES_ERROR;
				CLANG_WARN_DOCUMENTATION_COMMENTS = YES;
				CLANG_WARN_EMPTY_BODY = YES;
				CLANG_WARN_ENUM_CONVERSION = YES;
				CLANG_WARN_INFINITE_RECURSION = YES;
				CLANG_WARN_INT_CONVERSION = YES;
				CLANG_WARN_NON_LITERAL_NULL_CONVERSION = YES;
				CLANG_WARN_OBJC_LITERAL_CONVERSION = YES;
				CLANG_WARN_OBJC_ROOT_CLASS = YES_ERROR;
				CLANG_WARN_RANGE_LOOP_ANALYSIS = YES;
				CLANG_WARN_STRICT_PROTOTYPES = YES;
				CLANG_WARN_SUSPICIOUS_MOVE = YES;
				CLANG_WARN_UNGUARDED_AVAILABILITY = YES_AGGRESSIVE;
				CLANG_WARN_UNREACHABLE_CODE = YES;
				CLANG_WARN__DUPLICATE_METHOD_MATCH = YES;
				CODE_SIGN_IDENTITY = "iPhone Developer";
				COPY_PHASE_STRIP = NO;
				DEBUG_INFORMATION_FORMAT = "dwarf-with-dsym";
				ENABLE_NS_ASSERTIONS = NO;
				ENABLE_STRICT_OBJC_MSGSEND = YES;
				GCC_C_LANGUAGE_STANDARD = gnu11;
				GCC_NO_COMMON_BLOCKS = YES;
				GCC_WARN_64_TO_32_BIT_CONVERSION = YES;
				GCC_WARN_ABOUT_RETURN_TYPE = YES_ERROR;
				GCC_WARN_UNDECLARED_SELECTOR = YES;
				GCC_WARN_UNINITIALIZED_AUTOS = YES_AGGRESSIVE;
				GCC_WARN_UNUSED_FUNCTION = YES;
				GCC_WARN_UNUSED_VARIABLE = YES;
				IPHONEOS_DEPLOYMENT_TARGET = 11.0;
				MTL_ENABLE_DEBUG_INFO = NO;
				SDKROOT = iphoneos;
				SWIFT_OPTIMIZATION_LEVEL = "-Owholemodule";
				VALIDATE_PRODUCT = YES;
			};
			name = Release;
		};
		005E1E951F7752CE0032C7EF /* Debug */ = {
			isa = XCBuildConfiguration;
			buildSettings = {
				ALWAYS_EMBED_SWIFT_STANDARD_LIBRARIES = YES;
				ASSETCATALOG_COMPILER_APPICON_NAME = AppIcon;
				CODE_SIGN_STYLE = Automatic;
				DEVELOPMENT_TEAM = 33NUGZ4GWE;
				INFOPLIST_FILE = "Adbusters AR/Info.plist";
				LD_RUNPATH_SEARCH_PATHS = "$(inherited) @executable_path/Frameworks";
				PRODUCT_BUNDLE_IDENTIFIER = com.Adbusters;
				PRODUCT_NAME = "$(TARGET_NAME)";
				SWIFT_VERSION = 4.0;
				TARGETED_DEVICE_FAMILY = "1,2";
			};
			name = Debug;
		};
		005E1E961F7752CE0032C7EF /* Release */ = {
			isa = XCBuildConfiguration;
			buildSettings = {
				ALWAYS_EMBED_SWIFT_STANDARD_LIBRARIES = YES;
				ASSETCATALOG_COMPILER_APPICON_NAME = AppIcon;
				CODE_SIGN_STYLE = Automatic;
				DEVELOPMENT_TEAM = 33NUGZ4GWE;
				INFOPLIST_FILE = "Adbusters AR/Info.plist";
				LD_RUNPATH_SEARCH_PATHS = "$(inherited) @executable_path/Frameworks";
				PRODUCT_BUNDLE_IDENTIFIER = com.Adbusters;
				PRODUCT_NAME = "$(TARGET_NAME)";
				SWIFT_VERSION = 4.0;
				TARGETED_DEVICE_FAMILY = "1,2";
			};
			name = Release;
		};
		005E1EA61F7753390032C7EF /* Debug */ = {
			isa = XCBuildConfiguration;
			buildSettings = {
				ARCHS = "$(ARCHS_STANDARD_64_BIT)";
				CODE_SIGN_STYLE = Automatic;
				DEVELOPMENT_TEAM = 33NUGZ4GWE;
				INFOPLIST_FILE = Adbusters/Info.plist;
				LD_RUNPATH_SEARCH_PATHS = "$(inherited) @executable_path/Frameworks @executable_path/../../Frameworks";
				PRODUCT_BUNDLE_IDENTIFIER = com.Adbusters;
				PRODUCT_NAME = "$(TARGET_NAME)";
				SKIP_INSTALL = YES;
				SWIFT_VERSION = 4.0;
				TARGETED_DEVICE_FAMILY = "1,2";
			};
			name = Debug;
		};
		005E1EA71F7753390032C7EF /* Release */ = {
			isa = XCBuildConfiguration;
			buildSettings = {
				ARCHS = "$(ARCHS_STANDARD_64_BIT)";
				CODE_SIGN_STYLE = Automatic;
				DEVELOPMENT_TEAM = 33NUGZ4GWE;
				INFOPLIST_FILE = Adbusters/Info.plist;
				LD_RUNPATH_SEARCH_PATHS = "$(inherited) @executable_path/Frameworks @executable_path/../../Frameworks";
				PRODUCT_BUNDLE_IDENTIFIER = com.Adbusters;
				PRODUCT_NAME = "$(TARGET_NAME)";
				SKIP_INSTALL = YES;
				SWIFT_VERSION = 4.0;
				TARGETED_DEVICE_FAMILY = "1,2";
			};
			name = Release;
		};
/* End XCBuildConfiguration section */

/* Begin XCConfigurationList section */
		005E1E7B1F7752CE0032C7EF /* Build configuration list for PBXProject "Adbusters AR" */ = {
			isa = XCConfigurationList;
			buildConfigurations = (
				005E1E921F7752CE0032C7EF /* Debug */,
				005E1E931F7752CE0032C7EF /* Release */,
			);
			defaultConfigurationIsVisible = 0;
			defaultConfigurationName = Release;
		};
		005E1E941F7752CE0032C7EF /* Build configuration list for PBXNativeTarget "Adbusters AR" */ = {
			isa = XCConfigurationList;
			buildConfigurations = (
				005E1E951F7752CE0032C7EF /* Debug */,
				005E1E961F7752CE0032C7EF /* Release */,
			);
			defaultConfigurationIsVisible = 0;
			defaultConfigurationName = Release;
		};
		005E1EA51F7753390032C7EF /* Build configuration list for PBXNativeTarget "Adbusters" */ = {
			isa = XCConfigurationList;
			buildConfigurations = (
				005E1EA61F7753390032C7EF /* Debug */,
				005E1EA71F7753390032C7EF /* Release */,
			);
			defaultConfigurationIsVisible = 0;
			defaultConfigurationName = Release;
		};
/* End XCConfigurationList section */
	};
	rootObject = 005E1E781F7752CE0032C7EF /* Project object */;
}
