// !$*UTF8*$!
{
	archiveVersion = 1;
	classes = {
	};
	objectVersion = 48;
	objects = {

/* Begin PBXBuildFile section */
		004EE1251FA6D0D1003C9428 /* SwipingController.swift in Sources */ = {isa = PBXBuildFile; fileRef = 004EE1241FA6D0D1003C9428 /* SwipingController.swift */; };
		008BBA811FA2F7CF00C7C2FD /* AppDelegate.swift in Sources */ = {isa = PBXBuildFile; fileRef = 008BBA801FA2F7CF00C7C2FD /* AppDelegate.swift */; };
		008BBA831FA2F7CF00C7C2FD /* ViewController.swift in Sources */ = {isa = PBXBuildFile; fileRef = 008BBA821FA2F7CF00C7C2FD /* ViewController.swift */; };
		008BBA881FA2F7CF00C7C2FD /* Assets.xcassets in Resources */ = {isa = PBXBuildFile; fileRef = 008BBA871FA2F7CF00C7C2FD /* Assets.xcassets */; };
		008BBA8B1FA2F7CF00C7C2FD /* LaunchScreen.storyboard in Resources */ = {isa = PBXBuildFile; fileRef = 008BBA891FA2F7CF00C7C2FD /* LaunchScreen.storyboard */; };
		008BBA941FA2FC9D00C7C2FD /* LogInController.swift in Sources */ = {isa = PBXBuildFile; fileRef = 008BBA931FA2FC9D00C7C2FD /* LogInController.swift */; };
		008BBA961FA42C8200C7C2FD /* GoogleService-Info.plist in Resources */ = {isa = PBXBuildFile; fileRef = 008BBA951FA42C8200C7C2FD /* GoogleService-Info.plist */; };
		008BBA981FA671EF00C7C2FD /* IntroController.swift in Sources */ = {isa = PBXBuildFile; fileRef = 008BBA971FA671EF00C7C2FD /* IntroController.swift */; };
		582DA4AE7E4CD5953B7FD5AD /* Pods_Login_Page.framework in Frameworks */ = {isa = PBXBuildFile; fileRef = C6843B9D80567B7E7B4E7EFA /* Pods_Login_Page.framework */; };
/* End PBXBuildFile section */

/* Begin PBXFileReference section */
		004EE1241FA6D0D1003C9428 /* SwipingController.swift */ = {isa = PBXFileReference; lastKnownFileType = sourcecode.swift; path = SwipingController.swift; sourceTree = "<group>"; };
		008BBA7D1FA2F7CF00C7C2FD /* Login Page.app */ = {isa = PBXFileReference; explicitFileType = wrapper.application; includeInIndex = 0; path = "Login Page.app"; sourceTree = BUILT_PRODUCTS_DIR; };
		008BBA801FA2F7CF00C7C2FD /* AppDelegate.swift */ = {isa = PBXFileReference; lastKnownFileType = sourcecode.swift; path = AppDelegate.swift; sourceTree = "<group>"; };
		008BBA821FA2F7CF00C7C2FD /* ViewController.swift */ = {isa = PBXFileReference; lastKnownFileType = sourcecode.swift; path = ViewController.swift; sourceTree = "<group>"; };
		008BBA871FA2F7CF00C7C2FD /* Assets.xcassets */ = {isa = PBXFileReference; lastKnownFileType = folder.assetcatalog; path = Assets.xcassets; sourceTree = "<group>"; };
		008BBA8A1FA2F7CF00C7C2FD /* Base */ = {isa = PBXFileReference; lastKnownFileType = file.storyboard; name = Base; path = Base.lproj/LaunchScreen.storyboard; sourceTree = "<group>"; };
		008BBA8C1FA2F7CF00C7C2FD /* Info.plist */ = {isa = PBXFileReference; lastKnownFileType = text.plist.xml; path = Info.plist; sourceTree = "<group>"; };
		008BBA931FA2FC9D00C7C2FD /* LogInController.swift */ = {isa = PBXFileReference; lastKnownFileType = sourcecode.swift; path = LogInController.swift; sourceTree = "<group>"; };
		008BBA951FA42C8200C7C2FD /* GoogleService-Info.plist */ = {isa = PBXFileReference; fileEncoding = 4; lastKnownFileType = text.plist.xml; path = "GoogleService-Info.plist"; sourceTree = "<group>"; };
		008BBA971FA671EF00C7C2FD /* IntroController.swift */ = {isa = PBXFileReference; lastKnownFileType = sourcecode.swift; path = IntroController.swift; sourceTree = "<group>"; };
		546135F9291EA7967D3F7F72 /* Pods-Login Page.release.xcconfig */ = {isa = PBXFileReference; includeInIndex = 1; lastKnownFileType = text.xcconfig; name = "Pods-Login Page.release.xcconfig"; path = "Pods/Target Support Files/Pods-Login Page/Pods-Login Page.release.xcconfig"; sourceTree = "<group>"; };
		A57CD153BDED2F09B5A5A417 /* Pods-Login Page.debug.xcconfig */ = {isa = PBXFileReference; includeInIndex = 1; lastKnownFileType = text.xcconfig; name = "Pods-Login Page.debug.xcconfig"; path = "Pods/Target Support Files/Pods-Login Page/Pods-Login Page.debug.xcconfig"; sourceTree = "<group>"; };
		C6843B9D80567B7E7B4E7EFA /* Pods_Login_Page.framework */ = {isa = PBXFileReference; explicitFileType = wrapper.framework; includeInIndex = 0; path = Pods_Login_Page.framework; sourceTree = BUILT_PRODUCTS_DIR; };
/* End PBXFileReference section */

/* Begin PBXFrameworksBuildPhase section */
		008BBA7A1FA2F7CF00C7C2FD /* Frameworks */ = {
			isa = PBXFrameworksBuildPhase;
			buildActionMask = 2147483647;
			files = (
				582DA4AE7E4CD5953B7FD5AD /* Pods_Login_Page.framework in Frameworks */,
			);
			runOnlyForDeploymentPostprocessing = 0;
		};
/* End PBXFrameworksBuildPhase section */

/* Begin PBXGroup section */
		008BBA741FA2F7CE00C7C2FD = {
			isa = PBXGroup;
			children = (
				008BBA7F1FA2F7CF00C7C2FD /* Login Page */,
				008BBA7E1FA2F7CF00C7C2FD /* Products */,
				66115E6DCAE1AD2FE1D084A2 /* Pods */,
				BF7FFA15567E2C4518C0C2EC /* Frameworks */,
			);
			sourceTree = "<group>";
		};
		008BBA7E1FA2F7CF00C7C2FD /* Products */ = {
			isa = PBXGroup;
			children = (
				008BBA7D1FA2F7CF00C7C2FD /* Login Page.app */,
			);
			name = Products;
			sourceTree = "<group>";
		};
		008BBA7F1FA2F7CF00C7C2FD /* Login Page */ = {
			isa = PBXGroup;
			children = (
				008BBA921FA2FC2000C7C2FD /* Controllers */,
				008BBA801FA2F7CF00C7C2FD /* AppDelegate.swift */,
				008BBA871FA2F7CF00C7C2FD /* Assets.xcassets */,
				008BBA891FA2F7CF00C7C2FD /* LaunchScreen.storyboard */,
				008BBA8C1FA2F7CF00C7C2FD /* Info.plist */,
				008BBA951FA42C8200C7C2FD /* GoogleService-Info.plist */,
			);
			path = "Login Page";
			sourceTree = "<group>";
		};
		008BBA921FA2FC2000C7C2FD /* Controllers */ = {
			isa = PBXGroup;
			children = (
				008BBA971FA671EF00C7C2FD /* IntroController.swift */,
				004EE1241FA6D0D1003C9428 /* SwipingController.swift */,
				008BBA931FA2FC9D00C7C2FD /* LogInController.swift */,
				008BBA821FA2F7CF00C7C2FD /* ViewController.swift */,
			);
			path = Controllers;
			sourceTree = "<group>";
		};
		66115E6DCAE1AD2FE1D084A2 /* Pods */ = {
			isa = PBXGroup;
			children = (
				A57CD153BDED2F09B5A5A417 /* Pods-Login Page.debug.xcconfig */,
				546135F9291EA7967D3F7F72 /* Pods-Login Page.release.xcconfig */,
			);
			name = Pods;
			sourceTree = "<group>";
		};
		BF7FFA15567E2C4518C0C2EC /* Frameworks */ = {
			isa = PBXGroup;
			children = (
				C6843B9D80567B7E7B4E7EFA /* Pods_Login_Page.framework */,
			);
			name = Frameworks;
			sourceTree = "<group>";
		};
/* End PBXGroup section */

/* Begin PBXNativeTarget section */
		008BBA7C1FA2F7CF00C7C2FD /* Login Page */ = {
			isa = PBXNativeTarget;
			buildConfigurationList = 008BBA8F1FA2F7CF00C7C2FD /* Build configuration list for PBXNativeTarget "Login Page" */;
			buildPhases = (
				7A52DEBAD58B687BB9084163 /* [CP] Check Pods Manifest.lock */,
				008BBA791FA2F7CF00C7C2FD /* Sources */,
				008BBA7A1FA2F7CF00C7C2FD /* Frameworks */,
				008BBA7B1FA2F7CF00C7C2FD /* Resources */,
				46DAB35A085500AB9D02A6ED /* [CP] Embed Pods Frameworks */,
				9343AC27DA966261FFEFD299 /* [CP] Copy Pods Resources */,
			);
			buildRules = (
			);
			dependencies = (
			);
			name = "Login Page";
			productName = "Login Page";
			productReference = 008BBA7D1FA2F7CF00C7C2FD /* Login Page.app */;
			productType = "com.apple.product-type.application";
		};
/* End PBXNativeTarget section */

/* Begin PBXProject section */
		008BBA751FA2F7CF00C7C2FD /* Project object */ = {
			isa = PBXProject;
			attributes = {
				LastSwiftUpdateCheck = 0900;
				LastUpgradeCheck = 0900;
				ORGANIZATIONNAME = "Caleb Wells";
				TargetAttributes = {
					008BBA7C1FA2F7CF00C7C2FD = {
						CreatedOnToolsVersion = 9.0.1;
						ProvisioningStyle = Automatic;
					};
				};
			};
			buildConfigurationList = 008BBA781FA2F7CF00C7C2FD /* Build configuration list for PBXProject "Login Page" */;
			compatibilityVersion = "Xcode 8.0";
			developmentRegion = en;
			hasScannedForEncodings = 0;
			knownRegions = (
				en,
				Base,
			);
			mainGroup = 008BBA741FA2F7CE00C7C2FD;
			productRefGroup = 008BBA7E1FA2F7CF00C7C2FD /* Products */;
			projectDirPath = "";
			projectRoot = "";
			targets = (
				008BBA7C1FA2F7CF00C7C2FD /* Login Page */,
			);
		};
/* End PBXProject section */

/* Begin PBXResourcesBuildPhase section */
		008BBA7B1FA2F7CF00C7C2FD /* Resources */ = {
			isa = PBXResourcesBuildPhase;
			buildActionMask = 2147483647;
			files = (
				008BBA8B1FA2F7CF00C7C2FD /* LaunchScreen.storyboard in Resources */,
				008BBA881FA2F7CF00C7C2FD /* Assets.xcassets in Resources */,
				008BBA961FA42C8200C7C2FD /* GoogleService-Info.plist in Resources */,
			);
			runOnlyForDeploymentPostprocessing = 0;
		};
/* End PBXResourcesBuildPhase section */

/* Begin PBXShellScriptBuildPhase section */
		46DAB35A085500AB9D02A6ED /* [CP] Embed Pods Frameworks */ = {
			isa = PBXShellScriptBuildPhase;
			buildActionMask = 2147483647;
			files = (
			);
			inputPaths = (
				"${SRCROOT}/Pods/Target Support Files/Pods-Login Page/Pods-Login Page-frameworks.sh",
				"${BUILT_PRODUCTS_DIR}/GTMSessionFetcher/GTMSessionFetcher.framework",
				"${BUILT_PRODUCTS_DIR}/GoogleToolboxForMac/GoogleToolboxForMac.framework",
				"${BUILT_PRODUCTS_DIR}/leveldb-library/leveldb.framework",
				"${BUILT_PRODUCTS_DIR}/nanopb/nanopb.framework",
			);
			name = "[CP] Embed Pods Frameworks";
			outputPaths = (
				"${TARGET_BUILD_DIR}/${FRAMEWORKS_FOLDER_PATH}/GTMSessionFetcher.framework",
				"${TARGET_BUILD_DIR}/${FRAMEWORKS_FOLDER_PATH}/GoogleToolboxForMac.framework",
				"${TARGET_BUILD_DIR}/${FRAMEWORKS_FOLDER_PATH}/leveldb.framework",
				"${TARGET_BUILD_DIR}/${FRAMEWORKS_FOLDER_PATH}/nanopb.framework",
			);
			runOnlyForDeploymentPostprocessing = 0;
			shellPath = /bin/sh;
			shellScript = "\"${SRCROOT}/Pods/Target Support Files/Pods-Login Page/Pods-Login Page-frameworks.sh\"\n";
			showEnvVarsInLog = 0;
		};
		7A52DEBAD58B687BB9084163 /* [CP] Check Pods Manifest.lock */ = {
			isa = PBXShellScriptBuildPhase;
			buildActionMask = 2147483647;
			files = (
			);
			inputPaths = (
				"${PODS_PODFILE_DIR_PATH}/Podfile.lock",
				"${PODS_ROOT}/Manifest.lock",
			);
			name = "[CP] Check Pods Manifest.lock";
			outputPaths = (
				"$(DERIVED_FILE_DIR)/Pods-Login Page-checkManifestLockResult.txt",
			);
			runOnlyForDeploymentPostprocessing = 0;
			shellPath = /bin/sh;
			shellScript = "diff \"${PODS_PODFILE_DIR_PATH}/Podfile.lock\" \"${PODS_ROOT}/Manifest.lock\" > /dev/null\nif [ $? != 0 ] ; then\n    # print error to STDERR\n    echo \"error: The sandbox is not in sync with the Podfile.lock. Run 'pod install' or update your CocoaPods installation.\" >&2\n    exit 1\nfi\n# This output is used by Xcode 'outputs' to avoid re-running this script phase.\necho \"SUCCESS\" > \"${SCRIPT_OUTPUT_FILE_0}\"\n";
			showEnvVarsInLog = 0;
		};
		9343AC27DA966261FFEFD299 /* [CP] Copy Pods Resources */ = {
			isa = PBXShellScriptBuildPhase;
			buildActionMask = 2147483647;
			files = (
			);
			inputPaths = (
			);
			name = "[CP] Copy Pods Resources";
			outputPaths = (
			);
			runOnlyForDeploymentPostprocessing = 0;
			shellPath = /bin/sh;
			shellScript = "\"${SRCROOT}/Pods/Target Support Files/Pods-Login Page/Pods-Login Page-resources.sh\"\n";
			showEnvVarsInLog = 0;
		};
/* End PBXShellScriptBuildPhase section */

/* Begin PBXSourcesBuildPhase section */
		008BBA791FA2F7CF00C7C2FD /* Sources */ = {
			isa = PBXSourcesBuildPhase;
			buildActionMask = 2147483647;
			files = (
				008BBA981FA671EF00C7C2FD /* IntroController.swift in Sources */,
				008BBA831FA2F7CF00C7C2FD /* ViewController.swift in Sources */,
				008BBA941FA2FC9D00C7C2FD /* LogInController.swift in Sources */,
				004EE1251FA6D0D1003C9428 /* SwipingController.swift in Sources */,
				008BBA811FA2F7CF00C7C2FD /* AppDelegate.swift in Sources */,
			);
			runOnlyForDeploymentPostprocessing = 0;
		};
/* End PBXSourcesBuildPhase section */

/* Begin PBXVariantGroup section */
		008BBA891FA2F7CF00C7C2FD /* LaunchScreen.storyboard */ = {
			isa = PBXVariantGroup;
			children = (
				008BBA8A1FA2F7CF00C7C2FD /* Base */,
			);
			name = LaunchScreen.storyboard;
			sourceTree = "<group>";
		};
/* End PBXVariantGroup section */

/* Begin XCBuildConfiguration section */
		008BBA8D1FA2F7CF00C7C2FD /* Debug */ = {
			isa = XCBuildConfiguration;
			buildSettings = {
				ALWAYS_SEARCH_USER_PATHS = NO;
				CLANG_ANALYZER_NONNULL = YES;
				CLANG_ANALYZER_NUMBER_OBJECT_CONVERSION = YES_AGGRESSIVE;
				CLANG_CXX_LANGUAGE_STANDARD = "gnu++14";
				CLANG_CXX_LIBRARY = "libc++";
				CLANG_ENABLE_MODULES = YES;
				CLANG_ENABLE_OBJC_ARC = YES;
				CLANG_WARN_BLOCK_CAPTURE_AUTORELEASING = YES;
				CLANG_WARN_BOOL_CONVERSION = YES;
				CLANG_WARN_COMMA = YES;
				CLANG_WARN_CONSTANT_CONVERSION = YES;
				CLANG_WARN_DIRECT_OBJC_ISA_USAGE = YES_ERROR;
				CLANG_WARN_DOCUMENTATION_COMMENTS = YES;
				CLANG_WARN_EMPTY_BODY = YES;
				CLANG_WARN_ENUM_CONVERSION = YES;
				CLANG_WARN_INFINITE_RECURSION = YES;
				CLANG_WARN_INT_CONVERSION = YES;
				CLANG_WARN_NON_LITERAL_NULL_CONVERSION = YES;
				CLANG_WARN_OBJC_LITERAL_CONVERSION = YES;
				CLANG_WARN_OBJC_ROOT_CLASS = YES_ERROR;
				CLANG_WARN_RANGE_LOOP_ANALYSIS = YES;
				CLANG_WARN_STRICT_PROTOTYPES = YES;
				CLANG_WARN_SUSPICIOUS_MOVE = YES;
				CLANG_WARN_UNGUARDED_AVAILABILITY = YES_AGGRESSIVE;
				CLANG_WARN_UNREACHABLE_CODE = YES;
				CLANG_WARN__DUPLICATE_METHOD_MATCH = YES;
				CODE_SIGN_IDENTITY = "iPhone Developer";
				COPY_PHASE_STRIP = NO;
				DEBUG_INFORMATION_FORMAT = dwarf;
				ENABLE_STRICT_OBJC_MSGSEND = YES;
				ENABLE_TESTABILITY = YES;
				GCC_C_LANGUAGE_STANDARD = gnu11;
				GCC_DYNAMIC_NO_PIC = NO;
				GCC_NO_COMMON_BLOCKS = YES;
				GCC_OPTIMIZATION_LEVEL = 0;
				GCC_PREPROCESSOR_DEFINITIONS = (
					"DEBUG=1",
					"$(inherited)",
				);
				GCC_WARN_64_TO_32_BIT_CONVERSION = YES;
				GCC_WARN_ABOUT_RETURN_TYPE = YES_ERROR;
				GCC_WARN_UNDECLARED_SELECTOR = YES;
				GCC_WARN_UNINITIALIZED_AUTOS = YES_AGGRESSIVE;
				GCC_WARN_UNUSED_FUNCTION = YES;
				GCC_WARN_UNUSED_VARIABLE = YES;
				IPHONEOS_DEPLOYMENT_TARGET = 11.0;
				MTL_ENABLE_DEBUG_INFO = YES;
				ONLY_ACTIVE_ARCH = YES;
				SDKROOT = iphoneos;
				SWIFT_ACTIVE_COMPILATION_CONDITIONS = DEBUG;
				SWIFT_OPTIMIZATION_LEVEL = "-Onone";
			};
			name = Debug;
		};
		008BBA8E1FA2F7CF00C7C2FD /* Release */ = {
			isa = XCBuildConfiguration;
			buildSettings = {
				ALWAYS_SEARCH_USER_PATHS = NO;
				CLANG_ANALYZER_NONNULL = YES;
				CLANG_ANALYZER_NUMBER_OBJECT_CONVERSION = YES_AGGRESSIVE;
				CLANG_CXX_LANGUAGE_STANDARD = "gnu++14";
				CLANG_CXX_LIBRARY = "libc++";
				CLANG_ENABLE_MODULES = YES;
				CLANG_ENABLE_OBJC_ARC = YES;
				CLANG_WARN_BLOCK_CAPTURE_AUTORELEASING = YES;
				CLANG_WARN_BOOL_CONVERSION = YES;
				CLANG_WARN_COMMA = YES;
				CLANG_WARN_CONSTANT_CONVERSION = YES;
				CLANG_WARN_DIRECT_OBJC_ISA_USAGE = YES_ERROR;
				CLANG_WARN_DOCUMENTATION_COMMENTS = YES;
				CLANG_WARN_EMPTY_BODY = YES;
				CLANG_WARN_ENUM_CONVERSION = YES;
				CLANG_WARN_INFINITE_RECURSION = YES;
				CLANG_WARN_INT_CONVERSION = YES;
				CLANG_WARN_NON_LITERAL_NULL_CONVERSION = YES;
				CLANG_WARN_OBJC_LITERAL_CONVERSION = YES;
				CLANG_WARN_OBJC_ROOT_CLASS = YES_ERROR;
				CLANG_WARN_RANGE_LOOP_ANALYSIS = YES;
				CLANG_WARN_STRICT_PROTOTYPES = YES;
				CLANG_WARN_SUSPICIOUS_MOVE = YES;
				CLANG_WARN_UNGUARDED_AVAILABILITY = YES_AGGRESSIVE;
				CLANG_WARN_UNREACHABLE_CODE = YES;
				CLANG_WARN__DUPLICATE_METHOD_MATCH = YES;
				CODE_SIGN_IDENTITY = "iPhone Developer";
				COPY_PHASE_STRIP = NO;
				DEBUG_INFORMATION_FORMAT = "dwarf-with-dsym";
				ENABLE_NS_ASSERTIONS = NO;
				ENABLE_STRICT_OBJC_MSGSEND = YES;
				GCC_C_LANGUAGE_STANDARD = gnu11;
				GCC_NO_COMMON_BLOCKS = YES;
				GCC_WARN_64_TO_32_BIT_CONVERSION = YES;
				GCC_WARN_ABOUT_RETURN_TYPE = YES_ERROR;
				GCC_WARN_UNDECLARED_SELECTOR = YES;
				GCC_WARN_UNINITIALIZED_AUTOS = YES_AGGRESSIVE;
				GCC_WARN_UNUSED_FUNCTION = YES;
				GCC_WARN_UNUSED_VARIABLE = YES;
				IPHONEOS_DEPLOYMENT_TARGET = 11.0;
				MTL_ENABLE_DEBUG_INFO = NO;
				SDKROOT = iphoneos;
				SWIFT_OPTIMIZATION_LEVEL = "-Owholemodule";
				VALIDATE_PRODUCT = YES;
			};
			name = Release;
		};
		008BBA901FA2F7CF00C7C2FD /* Debug */ = {
			isa = XCBuildConfiguration;
			baseConfigurationReference = A57CD153BDED2F09B5A5A417 /* Pods-Login Page.debug.xcconfig */;
			buildSettings = {
				ASSETCATALOG_COMPILER_APPICON_NAME = AppIcon;
				CODE_SIGN_STYLE = Automatic;
				DEVELOPMENT_TEAM = 33NUGZ4GWE;
				INFOPLIST_FILE = "Login Page/Info.plist";
				LD_RUNPATH_SEARCH_PATHS = "$(inherited) @executable_path/Frameworks";
				PRODUCT_BUNDLE_IDENTIFIER = "com.calebrwells.Login-Page";
				PRODUCT_NAME = "$(TARGET_NAME)";
				SWIFT_VERSION = 4.0;
				TARGETED_DEVICE_FAMILY = "1,2";
			};
			name = Debug;
		};
		008BBA911FA2F7CF00C7C2FD /* Release */ = {
			isa = XCBuildConfiguration;
			baseConfigurationReference = 546135F9291EA7967D3F7F72 /* Pods-Login Page.release.xcconfig */;
			buildSettings = {
				ASSETCATALOG_COMPILER_APPICON_NAME = AppIcon;
				CODE_SIGN_STYLE = Automatic;
				DEVELOPMENT_TEAM = 33NUGZ4GWE;
				INFOPLIST_FILE = "Login Page/Info.plist";
				LD_RUNPATH_SEARCH_PATHS = "$(inherited) @executable_path/Frameworks";
				PRODUCT_BUNDLE_IDENTIFIER = "com.calebrwells.Login-Page";
				PRODUCT_NAME = "$(TARGET_NAME)";
				SWIFT_VERSION = 4.0;
				TARGETED_DEVICE_FAMILY = "1,2";
			};
			name = Release;
		};
/* End XCBuildConfiguration section */

/* Begin XCConfigurationList section */
		008BBA781FA2F7CF00C7C2FD /* Build configuration list for PBXProject "Login Page" */ = {
			isa = XCConfigurationList;
			buildConfigurations = (
				008BBA8D1FA2F7CF00C7C2FD /* Debug */,
				008BBA8E1FA2F7CF00C7C2FD /* Release */,
			);
			defaultConfigurationIsVisible = 0;
			defaultConfigurationName = Release;
		};
		008BBA8F1FA2F7CF00C7C2FD /* Build configuration list for PBXNativeTarget "Login Page" */ = {
			isa = XCConfigurationList;
			buildConfigurations = (
				008BBA901FA2F7CF00C7C2FD /* Debug */,
				008BBA911FA2F7CF00C7C2FD /* Release */,
			);
			defaultConfigurationIsVisible = 0;
			defaultConfigurationName = Release;
		};
/* End XCConfigurationList section */
	};
	rootObject = 008BBA751FA2F7CF00C7C2FD /* Project object */;
}
