// !$*UTF8*$!
{
	archiveVersion = 1;
	classes = {
	};
	objectVersion = 48;
	objects = {

/* Begin PBXBuildFile section */
		00CA0F691F9D88390085B179 /* AppDelegate.swift in Sources */ = {isa = PBXBuildFile; fileRef = 00CA0F681F9D88390085B179 /* AppDelegate.swift */; };
		00CA0F6B1F9D88390085B179 /* ViewController.swift in Sources */ = {isa = PBXBuildFile; fileRef = 00CA0F6A1F9D88390085B179 /* ViewController.swift */; };
		00CA0F6E1F9D88390085B179 /* Main.storyboard in Resources */ = {isa = PBXBuildFile; fileRef = 00CA0F6C1F9D88390085B179 /* Main.storyboard */; };
		00CA0F701F9D88390085B179 /* Assets.xcassets in Resources */ = {isa = PBXBuildFile; fileRef = 00CA0F6F1F9D88390085B179 /* Assets.xcassets */; };
		00CA0F731F9D88390085B179 /* LaunchScreen.storyboard in Resources */ = {isa = PBXBuildFile; fileRef = 00CA0F711F9D88390085B179 /* LaunchScreen.storyboard */; };
/* End PBXBuildFile section */

/* Begin PBXFileReference section */
		00CA0F651F9D88390085B179 /* Auto Layout Programmatically.app */ = {isa = PBXFileReference; explicitFileType = wrapper.application; includeInIndex = 0; path = "Auto Layout Programmatically.app"; sourceTree = BUILT_PRODUCTS_DIR; };
		00CA0F681F9D88390085B179 /* AppDelegate.swift */ = {isa = PBXFileReference; lastKnownFileType = sourcecode.swift; path = AppDelegate.swift; sourceTree = "<group>"; };
		00CA0F6A1F9D88390085B179 /* ViewController.swift */ = {isa = PBXFileReference; lastKnownFileType = sourcecode.swift; path = ViewController.swift; sourceTree = "<group>"; };
		00CA0F6D1F9D88390085B179 /* Base */ = {isa = PBXFileReference; lastKnownFileType = file.storyboard; name = Base; path = Base.lproj/Main.storyboard; sourceTree = "<group>"; };
		00CA0F6F1F9D88390085B179 /* Assets.xcassets */ = {isa = PBXFileReference; lastKnownFileType = folder.assetcatalog; path = Assets.xcassets; sourceTree = "<group>"; };
		00CA0F721F9D88390085B179 /* Base */ = {isa = PBXFileReference; lastKnownFileType = file.storyboard; name = Base; path = Base.lproj/LaunchScreen.storyboard; sourceTree = "<group>"; };
		00CA0F741F9D88390085B179 /* Info.plist */ = {isa = PBXFileReference; lastKnownFileType = text.plist.xml; path = Info.plist; sourceTree = "<group>"; };
/* End PBXFileReference section */

/* Begin PBXFrameworksBuildPhase section */
		00CA0F621F9D88390085B179 /* Frameworks */ = {
			isa = PBXFrameworksBuildPhase;
			buildActionMask = 2147483647;
			files = (
			);
			runOnlyForDeploymentPostprocessing = 0;
		};
/* End PBXFrameworksBuildPhase section */

/* Begin PBXGroup section */
		00CA0F5C1F9D88390085B179 = {
			isa = PBXGroup;
			children = (
				00CA0F671F9D88390085B179 /* Auto Layout Programmatically */,
				00CA0F661F9D88390085B179 /* Products */,
			);
			sourceTree = "<group>";
		};
		00CA0F661F9D88390085B179 /* Products */ = {
			isa = PBXGroup;
			children = (
				00CA0F651F9D88390085B179 /* Auto Layout Programmatically.app */,
			);
			name = Products;
			sourceTree = "<group>";
		};
		00CA0F671F9D88390085B179 /* Auto Layout Programmatically */ = {
			isa = PBXGroup;
			children = (
				00CA0F681F9D88390085B179 /* AppDelegate.swift */,
				00CA0F6A1F9D88390085B179 /* ViewController.swift */,
				00CA0F6C1F9D88390085B179 /* Main.storyboard */,
				00CA0F6F1F9D88390085B179 /* Assets.xcassets */,
				00CA0F711F9D88390085B179 /* LaunchScreen.storyboard */,
				00CA0F741F9D88390085B179 /* Info.plist */,
			);
			path = "Auto Layout Programmatically";
			sourceTree = "<group>";
		};
/* End PBXGroup section */

/* Begin PBXNativeTarget section */
		00CA0F641F9D88390085B179 /* Auto Layout Programmatically */ = {
			isa = PBXNativeTarget;
			buildConfigurationList = 00CA0F771F9D88390085B179 /* Build configuration list for PBXNativeTarget "Auto Layout Programmatically" */;
			buildPhases = (
				00CA0F611F9D88390085B179 /* Sources */,
				00CA0F621F9D88390085B179 /* Frameworks */,
				00CA0F631F9D88390085B179 /* Resources */,
			);
			buildRules = (
			);
			dependencies = (
			);
			name = "Auto Layout Programmatically";
			productName = "Auto Layout Programmatically";
			productReference = 00CA0F651F9D88390085B179 /* Auto Layout Programmatically.app */;
			productType = "com.apple.product-type.application";
		};
/* End PBXNativeTarget section */

/* Begin PBXProject section */
		00CA0F5D1F9D88390085B179 /* Project object */ = {
			isa = PBXProject;
			attributes = {
				LastSwiftUpdateCheck = 0900;
				LastUpgradeCheck = 0900;
				ORGANIZATIONNAME = "Caleb Wells";
				TargetAttributes = {
					00CA0F641F9D88390085B179 = {
						CreatedOnToolsVersion = 9.0.1;
						ProvisioningStyle = Automatic;
					};
				};
			};
			buildConfigurationList = 00CA0F601F9D88390085B179 /* Build configuration list for PBXProject "Auto Layout Programmatically" */;
			compatibilityVersion = "Xcode 8.0";
			developmentRegion = en;
			hasScannedForEncodings = 0;
			knownRegions = (
				en,
				Base,
			);
			mainGroup = 00CA0F5C1F9D88390085B179;
			productRefGroup = 00CA0F661F9D88390085B179 /* Products */;
			projectDirPath = "";
			projectRoot = "";
			targets = (
				00CA0F641F9D88390085B179 /* Auto Layout Programmatically */,
			);
		};
/* End PBXProject section */

/* Begin PBXResourcesBuildPhase section */
		00CA0F631F9D88390085B179 /* Resources */ = {
			isa = PBXResourcesBuildPhase;
			buildActionMask = 2147483647;
			files = (
				00CA0F731F9D88390085B179 /* LaunchScreen.storyboard in Resources */,
				00CA0F701F9D88390085B179 /* Assets.xcassets in Resources */,
				00CA0F6E1F9D88390085B179 /* Main.storyboard in Resources */,
			);
			runOnlyForDeploymentPostprocessing = 0;
		};
/* End PBXResourcesBuildPhase section */

/* Begin PBXSourcesBuildPhase section */
		00CA0F611F9D88390085B179 /* Sources */ = {
			isa = PBXSourcesBuildPhase;
			buildActionMask = 2147483647;
			files = (
				00CA0F6B1F9D88390085B179 /* ViewController.swift in Sources */,
				00CA0F691F9D88390085B179 /* AppDelegate.swift in Sources */,
			);
			runOnlyForDeploymentPostprocessing = 0;
		};
/* End PBXSourcesBuildPhase section */

/* Begin PBXVariantGroup section */
		00CA0F6C1F9D88390085B179 /* Main.storyboard */ = {
			isa = PBXVariantGroup;
			children = (
				00CA0F6D1F9D88390085B179 /* Base */,
			);
			name = Main.storyboard;
			sourceTree = "<group>";
		};
		00CA0F711F9D88390085B179 /* LaunchScreen.storyboard */ = {
			isa = PBXVariantGroup;
			children = (
				00CA0F721F9D88390085B179 /* Base */,
			);
			name = LaunchScreen.storyboard;
			sourceTree = "<group>";
		};
/* End PBXVariantGroup section */

/* Begin XCBuildConfiguration section */
		00CA0F751F9D88390085B179 /* Debug */ = {
			isa = XCBuildConfiguration;
			buildSettings = {
				ALWAYS_SEARCH_USER_PATHS = NO;
				CLANG_ANALYZER_NONNULL = YES;
				CLANG_ANALYZER_NUMBER_OBJECT_CONVERSION = YES_AGGRESSIVE;
				CLANG_CXX_LANGUAGE_STANDARD = "gnu++14";
				CLANG_CXX_LIBRARY = "libc++";
				CLANG_ENABLE_MODULES = YES;
				CLANG_ENABLE_OBJC_ARC = YES;
				CLANG_WARN_BLOCK_CAPTURE_AUTORELEASING = YES;
				CLANG_WARN_BOOL_CONVERSION = YES;
				CLANG_WARN_COMMA = YES;
				CLANG_WARN_CONSTANT_CONVERSION = YES;
				CLANG_WARN_DIRECT_OBJC_ISA_USAGE = YES_ERROR;
				CLANG_WARN_DOCUMENTATION_COMMENTS = YES;
				CLANG_WARN_EMPTY_BODY = YES;
				CLANG_WARN_ENUM_CONVERSION = YES;
				CLANG_WARN_INFINITE_RECURSION = YES;
				CLANG_WARN_INT_CONVERSION = YES;
				CLANG_WARN_NON_LITERAL_NULL_CONVERSION = YES;
				CLANG_WARN_OBJC_LITERAL_CONVERSION = YES;
				CLANG_WARN_OBJC_ROOT_CLASS = YES_ERROR;
				CLANG_WARN_RANGE_LOOP_ANALYSIS = YES;
				CLANG_WARN_STRICT_PROTOTYPES = YES;
				CLANG_WARN_SUSPICIOUS_MOVE = YES;
				CLANG_WARN_UNGUARDED_AVAILABILITY = YES_AGGRESSIVE;
				CLANG_WARN_UNREACHABLE_CODE = YES;
				CLANG_WARN__DUPLICATE_METHOD_MATCH = YES;
				CODE_SIGN_IDENTITY = "iPhone Developer";
				COPY_PHASE_STRIP = NO;
				DEBUG_INFORMATION_FORMAT = dwarf;
				ENABLE_STRICT_OBJC_MSGSEND = YES;
				ENABLE_TESTABILITY = YES;
				GCC_C_LANGUAGE_STANDARD = gnu11;
				GCC_DYNAMIC_NO_PIC = NO;
				GCC_NO_COMMON_BLOCKS = YES;
				GCC_OPTIMIZATION_LEVEL = 0;
				GCC_PREPROCESSOR_DEFINITIONS = (
					"DEBUG=1",
					"$(inherited)",
				);
				GCC_WARN_64_TO_32_BIT_CONVERSION = YES;
				GCC_WARN_ABOUT_RETURN_TYPE = YES_ERROR;
				GCC_WARN_UNDECLARED_SELECTOR = YES;
				GCC_WARN_UNINITIALIZED_AUTOS = YES_AGGRESSIVE;
				GCC_WARN_UNUSED_FUNCTION = YES;
				GCC_WARN_UNUSED_VARIABLE = YES;
				IPHONEOS_DEPLOYMENT_TARGET = 11.0;
				MTL_ENABLE_DEBUG_INFO = YES;
				ONLY_ACTIVE_ARCH = YES;
				SDKROOT = iphoneos;
				SWIFT_ACTIVE_COMPILATION_CONDITIONS = DEBUG;
				SWIFT_OPTIMIZATION_LEVEL = "-Onone";
			};
			name = Debug;
		};
		00CA0F761F9D88390085B179 /* Release */ = {
			isa = XCBuildConfiguration;
			buildSettings = {
				ALWAYS_SEARCH_USER_PATHS = NO;
				CLANG_ANALYZER_NONNULL = YES;
				CLANG_ANALYZER_NUMBER_OBJECT_CONVERSION = YES_AGGRESSIVE;
				CLANG_CXX_LANGUAGE_STANDARD = "gnu++14";
				CLANG_CXX_LIBRARY = "libc++";
				CLANG_ENABLE_MODULES = YES;
				CLANG_ENABLE_OBJC_ARC = YES;
				CLANG_WARN_BLOCK_CAPTURE_AUTORELEASING = YES;
				CLANG_WARN_BOOL_CONVERSION = YES;
				CLANG_WARN_COMMA = YES;
				CLANG_WARN_CONSTANT_CONVERSION = YES;
				CLANG_WARN_DIRECT_OBJC_ISA_USAGE = YES_ERROR;
				CLANG_WARN_DOCUMENTATION_COMMENTS = YES;
				CLANG_WARN_EMPTY_BODY = YES;
				CLANG_WARN_ENUM_CONVERSION = YES;
				CLANG_WARN_INFINITE_RECURSION = YES;
				CLANG_WARN_INT_CONVERSION = YES;
				CLANG_WARN_NON_LITERAL_NULL_CONVERSION = YES;
				CLANG_WARN_OBJC_LITERAL_CONVERSION = YES;
				CLANG_WARN_OBJC_ROOT_CLASS = YES_ERROR;
				CLANG_WARN_RANGE_LOOP_ANALYSIS = YES;
				CLANG_WARN_STRICT_PROTOTYPES = YES;
				CLANG_WARN_SUSPICIOUS_MOVE = YES;
				CLANG_WARN_UNGUARDED_AVAILABILITY = YES_AGGRESSIVE;
				CLANG_WARN_UNREACHABLE_CODE = YES;
				CLANG_WARN__DUPLICATE_METHOD_MATCH = YES;
				CODE_SIGN_IDENTITY = "iPhone Developer";
				COPY_PHASE_STRIP = NO;
				DEBUG_INFORMATION_FORMAT = "dwarf-with-dsym";
				ENABLE_NS_ASSERTIONS = NO;
				ENABLE_STRICT_OBJC_MSGSEND = YES;
				GCC_C_LANGUAGE_STANDARD = gnu11;
				GCC_NO_COMMON_BLOCKS = YES;
				GCC_WARN_64_TO_32_BIT_CONVERSION = YES;
				GCC_WARN_ABOUT_RETURN_TYPE = YES_ERROR;
				GCC_WARN_UNDECLARED_SELECTOR = YES;
				GCC_WARN_UNINITIALIZED_AUTOS = YES_AGGRESSIVE;
				GCC_WARN_UNUSED_FUNCTION = YES;
				GCC_WARN_UNUSED_VARIABLE = YES;
				IPHONEOS_DEPLOYMENT_TARGET = 11.0;
				MTL_ENABLE_DEBUG_INFO = NO;
				SDKROOT = iphoneos;
				SWIFT_OPTIMIZATION_LEVEL = "-Owholemodule";
				VALIDATE_PRODUCT = YES;
			};
			name = Release;
		};
		00CA0F781F9D88390085B179 /* Debug */ = {
			isa = XCBuildConfiguration;
			buildSettings = {
				ASSETCATALOG_COMPILER_APPICON_NAME = AppIcon;
				CODE_SIGN_STYLE = Automatic;
				DEVELOPMENT_TEAM = 33NUGZ4GWE;
				INFOPLIST_FILE = "Auto Layout Programmatically/Info.plist";
				LD_RUNPATH_SEARCH_PATHS = "$(inherited) @executable_path/Frameworks";
				PRODUCT_BUNDLE_IDENTIFIER = "com.calebrwells.Auto-Layout-Programmatically";
				PRODUCT_NAME = "$(TARGET_NAME)";
				SWIFT_VERSION = 4.0;
				TARGETED_DEVICE_FAMILY = "1,2";
			};
			name = Debug;
		};
		00CA0F791F9D88390085B179 /* Release */ = {
			isa = XCBuildConfiguration;
			buildSettings = {
				ASSETCATALOG_COMPILER_APPICON_NAME = AppIcon;
				CODE_SIGN_STYLE = Automatic;
				DEVELOPMENT_TEAM = 33NUGZ4GWE;
				INFOPLIST_FILE = "Auto Layout Programmatically/Info.plist";
				LD_RUNPATH_SEARCH_PATHS = "$(inherited) @executable_path/Frameworks";
				PRODUCT_BUNDLE_IDENTIFIER = "com.calebrwells.Auto-Layout-Programmatically";
				PRODUCT_NAME = "$(TARGET_NAME)";
				SWIFT_VERSION = 4.0;
				TARGETED_DEVICE_FAMILY = "1,2";
			};
			name = Release;
		};
/* End XCBuildConfiguration section */

/* Begin XCConfigurationList section */
		00CA0F601F9D88390085B179 /* Build configuration list for PBXProject "Auto Layout Programmatically" */ = {
			isa = XCConfigurationList;
			buildConfigurations = (
				00CA0F751F9D88390085B179 /* Debug */,
				00CA0F761F9D88390085B179 /* Release */,
			);
			defaultConfigurationIsVisible = 0;
			defaultConfigurationName = Release;
		};
		00CA0F771F9D88390085B179 /* Build configuration list for PBXNativeTarget "Auto Layout Programmatically" */ = {
			isa = XCConfigurationList;
			buildConfigurations = (
				00CA0F781F9D88390085B179 /* Debug */,
				00CA0F791F9D88390085B179 /* Release */,
			);
			defaultConfigurationIsVisible = 0;
			defaultConfigurationName = Release;
		};
/* End XCConfigurationList section */
	};
	rootObject = 00CA0F5D1F9D88390085B179 /* Project object */;
}
