// !$*UTF8*$!
{
	archiveVersion = 1;
	classes = {
	};
	objectVersion = 48;
	objects = {

/* Begin PBXBuildFile section */
		008ED7501F7BEBBC009F54C4 /* AppDelegate.swift in Sources */ = {isa = PBXBuildFile; fileRef = 008ED74F1F7BEBBC009F54C4 /* AppDelegate.swift */; };
		008ED7521F7BEBBC009F54C4 /* ViewController.swift in Sources */ = {isa = PBXBuildFile; fileRef = 008ED7511F7BEBBC009F54C4 /* ViewController.swift */; };
		008ED7551F7BEBBC009F54C4 /* Main.storyboard in Resources */ = {isa = PBXBuildFile; fileRef = 008ED7531F7BEBBC009F54C4 /* Main.storyboard */; };
		008ED7571F7BEBBC009F54C4 /* Assets.xcassets in Resources */ = {isa = PBXBuildFile; fileRef = 008ED7561F7BEBBC009F54C4 /* Assets.xcassets */; };
		008ED75A1F7BEBBC009F54C4 /* LaunchScreen.storyboard in Resources */ = {isa = PBXBuildFile; fileRef = 008ED7581F7BEBBC009F54C4 /* LaunchScreen.storyboard */; };
/* End PBXBuildFile section */

/* Begin PBXFileReference section */
		008ED74C1F7BEBBC009F54C4 /* Text Adventure.app */ = {isa = PBXFileReference; explicitFileType = wrapper.application; includeInIndex = 0; path = "Text Adventure.app"; sourceTree = BUILT_PRODUCTS_DIR; };
		008ED74F1F7BEBBC009F54C4 /* AppDelegate.swift */ = {isa = PBXFileReference; lastKnownFileType = sourcecode.swift; path = AppDelegate.swift; sourceTree = "<group>"; };
		008ED7511F7BEBBC009F54C4 /* ViewController.swift */ = {isa = PBXFileReference; lastKnownFileType = sourcecode.swift; path = ViewController.swift; sourceTree = "<group>"; };
		008ED7541F7BEBBC009F54C4 /* Base */ = {isa = PBXFileReference; lastKnownFileType = file.storyboard; name = Base; path = Base.lproj/Main.storyboard; sourceTree = "<group>"; };
		008ED7561F7BEBBC009F54C4 /* Assets.xcassets */ = {isa = PBXFileReference; lastKnownFileType = folder.assetcatalog; path = Assets.xcassets; sourceTree = "<group>"; };
		008ED7591F7BEBBC009F54C4 /* Base */ = {isa = PBXFileReference; lastKnownFileType = file.storyboard; name = Base; path = Base.lproj/LaunchScreen.storyboard; sourceTree = "<group>"; };
		008ED75B1F7BEBBC009F54C4 /* Info.plist */ = {isa = PBXFileReference; lastKnownFileType = text.plist.xml; path = Info.plist; sourceTree = "<group>"; };
/* End PBXFileReference section */

/* Begin PBXFrameworksBuildPhase section */
		008ED7491F7BEBBC009F54C4 /* Frameworks */ = {
			isa = PBXFrameworksBuildPhase;
			buildActionMask = 2147483647;
			files = (
			);
			runOnlyForDeploymentPostprocessing = 0;
		};
/* End PBXFrameworksBuildPhase section */

/* Begin PBXGroup section */
		008ED7431F7BEBBC009F54C4 = {
			isa = PBXGroup;
			children = (
				008ED74E1F7BEBBC009F54C4 /* Text Adventure */,
				008ED74D1F7BEBBC009F54C4 /* Products */,
			);
			sourceTree = "<group>";
		};
		008ED74D1F7BEBBC009F54C4 /* Products */ = {
			isa = PBXGroup;
			children = (
				008ED74C1F7BEBBC009F54C4 /* Text Adventure.app */,
			);
			name = Products;
			sourceTree = "<group>";
		};
		008ED74E1F7BEBBC009F54C4 /* Text Adventure */ = {
			isa = PBXGroup;
			children = (
				008ED74F1F7BEBBC009F54C4 /* AppDelegate.swift */,
				008ED7511F7BEBBC009F54C4 /* ViewController.swift */,
				008ED7531F7BEBBC009F54C4 /* Main.storyboard */,
				008ED7561F7BEBBC009F54C4 /* Assets.xcassets */,
				008ED7581F7BEBBC009F54C4 /* LaunchScreen.storyboard */,
				008ED75B1F7BEBBC009F54C4 /* Info.plist */,
			);
			path = "Text Adventure";
			sourceTree = "<group>";
		};
/* End PBXGroup section */

/* Begin PBXNativeTarget section */
		008ED74B1F7BEBBC009F54C4 /* Text Adventure */ = {
			isa = PBXNativeTarget;
			buildConfigurationList = 008ED75E1F7BEBBC009F54C4 /* Build configuration list for PBXNativeTarget "Text Adventure" */;
			buildPhases = (
				008ED7481F7BEBBC009F54C4 /* Sources */,
				008ED7491F7BEBBC009F54C4 /* Frameworks */,
				008ED74A1F7BEBBC009F54C4 /* Resources */,
			);
			buildRules = (
			);
			dependencies = (
			);
			name = "Text Adventure";
			productName = "Text Adventure";
			productReference = 008ED74C1F7BEBBC009F54C4 /* Text Adventure.app */;
			productType = "com.apple.product-type.application";
		};
/* End PBXNativeTarget section */

/* Begin PBXProject section */
		008ED7441F7BEBBC009F54C4 /* Project object */ = {
			isa = PBXProject;
			attributes = {
				LastSwiftUpdateCheck = 0900;
				LastUpgradeCheck = 0900;
				ORGANIZATIONNAME = "Caleb Wells";
				TargetAttributes = {
					008ED74B1F7BEBBC009F54C4 = {
						CreatedOnToolsVersion = 9.0;
						ProvisioningStyle = Automatic;
					};
				};
			};
			buildConfigurationList = 008ED7471F7BEBBC009F54C4 /* Build configuration list for PBXProject "Text Adventure" */;
			compatibilityVersion = "Xcode 8.0";
			developmentRegion = en;
			hasScannedForEncodings = 0;
			knownRegions = (
				en,
				Base,
			);
			mainGroup = 008ED7431F7BEBBC009F54C4;
			productRefGroup = 008ED74D1F7BEBBC009F54C4 /* Products */;
			projectDirPath = "";
			projectRoot = "";
			targets = (
				008ED74B1F7BEBBC009F54C4 /* Text Adventure */,
			);
		};
/* End PBXProject section */

/* Begin PBXResourcesBuildPhase section */
		008ED74A1F7BEBBC009F54C4 /* Resources */ = {
			isa = PBXResourcesBuildPhase;
			buildActionMask = 2147483647;
			files = (
				008ED75A1F7BEBBC009F54C4 /* LaunchScreen.storyboard in Resources */,
				008ED7571F7BEBBC009F54C4 /* Assets.xcassets in Resources */,
				008ED7551F7BEBBC009F54C4 /* Main.storyboard in Resources */,
			);
			runOnlyForDeploymentPostprocessing = 0;
		};
/* End PBXResourcesBuildPhase section */

/* Begin PBXSourcesBuildPhase section */
		008ED7481F7BEBBC009F54C4 /* Sources */ = {
			isa = PBXSourcesBuildPhase;
			buildActionMask = 2147483647;
			files = (
				008ED7521F7BEBBC009F54C4 /* ViewController.swift in Sources */,
				008ED7501F7BEBBC009F54C4 /* AppDelegate.swift in Sources */,
			);
			runOnlyForDeploymentPostprocessing = 0;
		};
/* End PBXSourcesBuildPhase section */

/* Begin PBXVariantGroup section */
		008ED7531F7BEBBC009F54C4 /* Main.storyboard */ = {
			isa = PBXVariantGroup;
			children = (
				008ED7541F7BEBBC009F54C4 /* Base */,
			);
			name = Main.storyboard;
			sourceTree = "<group>";
		};
		008ED7581F7BEBBC009F54C4 /* LaunchScreen.storyboard */ = {
			isa = PBXVariantGroup;
			children = (
				008ED7591F7BEBBC009F54C4 /* Base */,
			);
			name = LaunchScreen.storyboard;
			sourceTree = "<group>";
		};
/* End PBXVariantGroup section */

/* Begin XCBuildConfiguration section */
		008ED75C1F7BEBBC009F54C4 /* Debug */ = {
			isa = XCBuildConfiguration;
			buildSettings = {
				ALWAYS_SEARCH_USER_PATHS = NO;
				CLANG_ANALYZER_NONNULL = YES;
				CLANG_ANALYZER_NUMBER_OBJECT_CONVERSION = YES_AGGRESSIVE;
				CLANG_CXX_LANGUAGE_STANDARD = "gnu++14";
				CLANG_CXX_LIBRARY = "libc++";
				CLANG_ENABLE_MODULES = YES;
				CLANG_ENABLE_OBJC_ARC = YES;
				CLANG_WARN_BLOCK_CAPTURE_AUTORELEASING = YES;
				CLANG_WARN_BOOL_CONVERSION = YES;
				CLANG_WARN_COMMA = YES;
				CLANG_WARN_CONSTANT_CONVERSION = YES;
				CLANG_WARN_DIRECT_OBJC_ISA_USAGE = YES_ERROR;
				CLANG_WARN_DOCUMENTATION_COMMENTS = YES;
				CLANG_WARN_EMPTY_BODY = YES;
				CLANG_WARN_ENUM_CONVERSION = YES;
				CLANG_WARN_INFINITE_RECURSION = YES;
				CLANG_WARN_INT_CONVERSION = YES;
				CLANG_WARN_NON_LITERAL_NULL_CONVERSION = YES;
				CLANG_WARN_OBJC_LITERAL_CONVERSION = YES;
				CLANG_WARN_OBJC_ROOT_CLASS = YES_ERROR;
				CLANG_WARN_RANGE_LOOP_ANALYSIS = YES;
				CLANG_WARN_STRICT_PROTOTYPES = YES;
				CLANG_WARN_SUSPICIOUS_MOVE = YES;
				CLANG_WARN_UNGUARDED_AVAILABILITY = YES_AGGRESSIVE;
				CLANG_WARN_UNREACHABLE_CODE = YES;
				CLANG_WARN__DUPLICATE_METHOD_MATCH = YES;
				CODE_SIGN_IDENTITY = "iPhone Developer";
				COPY_PHASE_STRIP = NO;
				DEBUG_INFORMATION_FORMAT = dwarf;
				ENABLE_STRICT_OBJC_MSGSEND = YES;
				ENABLE_TESTABILITY = YES;
				GCC_C_LANGUAGE_STANDARD = gnu11;
				GCC_DYNAMIC_NO_PIC = NO;
				GCC_NO_COMMON_BLOCKS = YES;
				GCC_OPTIMIZATION_LEVEL = 0;
				GCC_PREPROCESSOR_DEFINITIONS = (
					"DEBUG=1",
					"$(inherited)",
				);
				GCC_WARN_64_TO_32_BIT_CONVERSION = YES;
				GCC_WARN_ABOUT_RETURN_TYPE = YES_ERROR;
				GCC_WARN_UNDECLARED_SELECTOR = YES;
				GCC_WARN_UNINITIALIZED_AUTOS = YES_AGGRESSIVE;
				GCC_WARN_UNUSED_FUNCTION = YES;
				GCC_WARN_UNUSED_VARIABLE = YES;
				IPHONEOS_DEPLOYMENT_TARGET = 11.0;
				MTL_ENABLE_DEBUG_INFO = YES;
				ONLY_ACTIVE_ARCH = YES;
				SDKROOT = iphoneos;
				SWIFT_ACTIVE_COMPILATION_CONDITIONS = DEBUG;
				SWIFT_OPTIMIZATION_LEVEL = "-Onone";
			};
			name = Debug;
		};
		008ED75D1F7BEBBC009F54C4 /* Release */ = {
			isa = XCBuildConfiguration;
			buildSettings = {
				ALWAYS_SEARCH_USER_PATHS = NO;
				CLANG_ANALYZER_NONNULL = YES;
				CLANG_ANALYZER_NUMBER_OBJECT_CONVERSION = YES_AGGRESSIVE;
				CLANG_CXX_LANGUAGE_STANDARD = "gnu++14";
				CLANG_CXX_LIBRARY = "libc++";
				CLANG_ENABLE_MODULES = YES;
				CLANG_ENABLE_OBJC_ARC = YES;
				CLANG_WARN_BLOCK_CAPTURE_AUTORELEASING = YES;
				CLANG_WARN_BOOL_CONVERSION = YES;
				CLANG_WARN_COMMA = YES;
				CLANG_WARN_CONSTANT_CONVERSION = YES;
				CLANG_WARN_DIRECT_OBJC_ISA_USAGE = YES_ERROR;
				CLANG_WARN_DOCUMENTATION_COMMENTS = YES;
				CLANG_WARN_EMPTY_BODY = YES;
				CLANG_WARN_ENUM_CONVERSION = YES;
				CLANG_WARN_INFINITE_RECURSION = YES;
				CLANG_WARN_INT_CONVERSION = YES;
				CLANG_WARN_NON_LITERAL_NULL_CONVERSION = YES;
				CLANG_WARN_OBJC_LITERAL_CONVERSION = YES;
				CLANG_WARN_OBJC_ROOT_CLASS = YES_ERROR;
				CLANG_WARN_RANGE_LOOP_ANALYSIS = YES;
				CLANG_WARN_STRICT_PROTOTYPES = YES;
				CLANG_WARN_SUSPICIOUS_MOVE = YES;
				CLANG_WARN_UNGUARDED_AVAILABILITY = YES_AGGRESSIVE;
				CLANG_WARN_UNREACHABLE_CODE = YES;
				CLANG_WARN__DUPLICATE_METHOD_MATCH = YES;
				CODE_SIGN_IDENTITY = "iPhone Developer";
				COPY_PHASE_STRIP = NO;
				DEBUG_INFORMATION_FORMAT = "dwarf-with-dsym";
				ENABLE_NS_ASSERTIONS = NO;
				ENABLE_STRICT_OBJC_MSGSEND = YES;
				GCC_C_LANGUAGE_STANDARD = gnu11;
				GCC_NO_COMMON_BLOCKS = YES;
				GCC_WARN_64_TO_32_BIT_CONVERSION = YES;
				GCC_WARN_ABOUT_RETURN_TYPE = YES_ERROR;
				GCC_WARN_UNDECLARED_SELECTOR = YES;
				GCC_WARN_UNINITIALIZED_AUTOS = YES_AGGRESSIVE;
				GCC_WARN_UNUSED_FUNCTION = YES;
				GCC_WARN_UNUSED_VARIABLE = YES;
				IPHONEOS_DEPLOYMENT_TARGET = 11.0;
				MTL_ENABLE_DEBUG_INFO = NO;
				SDKROOT = iphoneos;
				SWIFT_OPTIMIZATION_LEVEL = "-Owholemodule";
				VALIDATE_PRODUCT = YES;
			};
			name = Release;
		};
		008ED75F1F7BEBBC009F54C4 /* Debug */ = {
			isa = XCBuildConfiguration;
			buildSettings = {
				ASSETCATALOG_COMPILER_APPICON_NAME = AppIcon;
				CODE_SIGN_STYLE = Automatic;
				DEVELOPMENT_TEAM = 33NUGZ4GWE;
				INFOPLIST_FILE = "Text Adventure/Info.plist";
				LD_RUNPATH_SEARCH_PATHS = "$(inherited) @executable_path/Frameworks";
				PRODUCT_BUNDLE_IDENTIFIER = "com.calebrwells.Text-Adventure";
				PRODUCT_NAME = "$(TARGET_NAME)";
				SWIFT_VERSION = 4.0;
				TARGETED_DEVICE_FAMILY = "1,2";
			};
			name = Debug;
		};
		008ED7601F7BEBBC009F54C4 /* Release */ = {
			isa = XCBuildConfiguration;
			buildSettings = {
				ASSETCATALOG_COMPILER_APPICON_NAME = AppIcon;
				CODE_SIGN_STYLE = Automatic;
				DEVELOPMENT_TEAM = 33NUGZ4GWE;
				INFOPLIST_FILE = "Text Adventure/Info.plist";
				LD_RUNPATH_SEARCH_PATHS = "$(inherited) @executable_path/Frameworks";
				PRODUCT_BUNDLE_IDENTIFIER = "com.calebrwells.Text-Adventure";
				PRODUCT_NAME = "$(TARGET_NAME)";
				SWIFT_VERSION = 4.0;
				TARGETED_DEVICE_FAMILY = "1,2";
			};
			name = Release;
		};
/* End XCBuildConfiguration section */

/* Begin XCConfigurationList section */
		008ED7471F7BEBBC009F54C4 /* Build configuration list for PBXProject "Text Adventure" */ = {
			isa = XCConfigurationList;
			buildConfigurations = (
				008ED75C1F7BEBBC009F54C4 /* Debug */,
				008ED75D1F7BEBBC009F54C4 /* Release */,
			);
			defaultConfigurationIsVisible = 0;
			defaultConfigurationName = Release;
		};
		008ED75E1F7BEBBC009F54C4 /* Build configuration list for PBXNativeTarget "Text Adventure" */ = {
			isa = XCConfigurationList;
			buildConfigurations = (
				008ED75F1F7BEBBC009F54C4 /* Debug */,
				008ED7601F7BEBBC009F54C4 /* Release */,
			);
			defaultConfigurationIsVisible = 0;
			defaultConfigurationName = Release;
		};
/* End XCConfigurationList section */
	};
	rootObject = 008ED7441F7BEBBC009F54C4 /* Project object */;
}
