// !$*UTF8*$!
{
	archiveVersion = 1;
	classes = {
	};
	objectVersion = 48;
	objects = {

/* Begin PBXBuildFile section */
		006A6D231F7B342D00DCFE62 /* AppDelegate.swift in Sources */ = {isa = PBXBuildFile; fileRef = 006A6D221F7B342D00DCFE62 /* AppDelegate.swift */; };
		006A6D291F7B342D00DCFE62 /* GameScene.swift in Sources */ = {isa = PBXBuildFile; fileRef = 006A6D281F7B342D00DCFE62 /* GameScene.swift */; };
		006A6D2B1F7B342D00DCFE62 /* GameViewController.swift in Sources */ = {isa = PBXBuildFile; fileRef = 006A6D2A1F7B342D00DCFE62 /* GameViewController.swift */; };
		006A6D2E1F7B342D00DCFE62 /* Main.storyboard in Resources */ = {isa = PBXBuildFile; fileRef = 006A6D2C1F7B342D00DCFE62 /* Main.storyboard */; };
		006A6D301F7B342D00DCFE62 /* Assets.xcassets in Resources */ = {isa = PBXBuildFile; fileRef = 006A6D2F1F7B342D00DCFE62 /* Assets.xcassets */; };
		006A6D331F7B342D00DCFE62 /* LaunchScreen.storyboard in Resources */ = {isa = PBXBuildFile; fileRef = 006A6D311F7B342D00DCFE62 /* LaunchScreen.storyboard */; };
/* End PBXBuildFile section */

/* Begin PBXFileReference section */
		006A6D1F1F7B342D00DCFE62 /* FPS AR.app */ = {isa = PBXFileReference; explicitFileType = wrapper.application; includeInIndex = 0; path = "FPS AR.app"; sourceTree = BUILT_PRODUCTS_DIR; };
		006A6D221F7B342D00DCFE62 /* AppDelegate.swift */ = {isa = PBXFileReference; lastKnownFileType = sourcecode.swift; path = AppDelegate.swift; sourceTree = "<group>"; };
		006A6D281F7B342D00DCFE62 /* GameScene.swift */ = {isa = PBXFileReference; lastKnownFileType = sourcecode.swift; path = GameScene.swift; sourceTree = "<group>"; };
		006A6D2A1F7B342D00DCFE62 /* GameViewController.swift */ = {isa = PBXFileReference; lastKnownFileType = sourcecode.swift; path = GameViewController.swift; sourceTree = "<group>"; };
		006A6D2D1F7B342D00DCFE62 /* Base */ = {isa = PBXFileReference; lastKnownFileType = file.storyboard; name = Base; path = Base.lproj/Main.storyboard; sourceTree = "<group>"; };
		006A6D2F1F7B342D00DCFE62 /* Assets.xcassets */ = {isa = PBXFileReference; lastKnownFileType = folder.assetcatalog; path = Assets.xcassets; sourceTree = "<group>"; };
		006A6D321F7B342D00DCFE62 /* Base */ = {isa = PBXFileReference; lastKnownFileType = file.storyboard; name = Base; path = Base.lproj/LaunchScreen.storyboard; sourceTree = "<group>"; };
		006A6D341F7B342D00DCFE62 /* Info.plist */ = {isa = PBXFileReference; lastKnownFileType = text.plist.xml; path = Info.plist; sourceTree = "<group>"; };
/* End PBXFileReference section */

/* Begin PBXFrameworksBuildPhase section */
		006A6D1C1F7B342D00DCFE62 /* Frameworks */ = {
			isa = PBXFrameworksBuildPhase;
			buildActionMask = 2147483647;
			files = (
			);
			runOnlyForDeploymentPostprocessing = 0;
		};
/* End PBXFrameworksBuildPhase section */

/* Begin PBXGroup section */
		006A6D161F7B342D00DCFE62 = {
			isa = PBXGroup;
			children = (
				006A6D211F7B342D00DCFE62 /* FPS AR */,
				006A6D201F7B342D00DCFE62 /* Products */,
			);
			sourceTree = "<group>";
		};
		006A6D201F7B342D00DCFE62 /* Products */ = {
			isa = PBXGroup;
			children = (
				006A6D1F1F7B342D00DCFE62 /* FPS AR.app */,
			);
			name = Products;
			sourceTree = "<group>";
		};
		006A6D211F7B342D00DCFE62 /* FPS AR */ = {
			isa = PBXGroup;
			children = (
				006A6D221F7B342D00DCFE62 /* AppDelegate.swift */,
				006A6D281F7B342D00DCFE62 /* GameScene.swift */,
				006A6D2A1F7B342D00DCFE62 /* GameViewController.swift */,
				006A6D2C1F7B342D00DCFE62 /* Main.storyboard */,
				006A6D2F1F7B342D00DCFE62 /* Assets.xcassets */,
				006A6D311F7B342D00DCFE62 /* LaunchScreen.storyboard */,
				006A6D341F7B342D00DCFE62 /* Info.plist */,
			);
			path = "FPS AR";
			sourceTree = "<group>";
		};
/* End PBXGroup section */

/* Begin PBXNativeTarget section */
		006A6D1E1F7B342D00DCFE62 /* FPS AR */ = {
			isa = PBXNativeTarget;
			buildConfigurationList = 006A6D371F7B342D00DCFE62 /* Build configuration list for PBXNativeTarget "FPS AR" */;
			buildPhases = (
				006A6D1B1F7B342D00DCFE62 /* Sources */,
				006A6D1C1F7B342D00DCFE62 /* Frameworks */,
				006A6D1D1F7B342D00DCFE62 /* Resources */,
			);
			buildRules = (
			);
			dependencies = (
			);
			name = "FPS AR";
			productName = "FPS AR";
			productReference = 006A6D1F1F7B342D00DCFE62 /* FPS AR.app */;
			productType = "com.apple.product-type.application";
		};
/* End PBXNativeTarget section */

/* Begin PBXProject section */
		006A6D171F7B342D00DCFE62 /* Project object */ = {
			isa = PBXProject;
			attributes = {
				LastSwiftUpdateCheck = 0900;
				LastUpgradeCheck = 0900;
				ORGANIZATIONNAME = "Caleb Wells";
				TargetAttributes = {
					006A6D1E1F7B342D00DCFE62 = {
						CreatedOnToolsVersion = 9.0;
						ProvisioningStyle = Automatic;
					};
				};
			};
			buildConfigurationList = 006A6D1A1F7B342D00DCFE62 /* Build configuration list for PBXProject "FPS AR" */;
			compatibilityVersion = "Xcode 8.0";
			developmentRegion = en;
			hasScannedForEncodings = 0;
			knownRegions = (
				en,
				Base,
			);
			mainGroup = 006A6D161F7B342D00DCFE62;
			productRefGroup = 006A6D201F7B342D00DCFE62 /* Products */;
			projectDirPath = "";
			projectRoot = "";
			targets = (
				006A6D1E1F7B342D00DCFE62 /* FPS AR */,
			);
		};
/* End PBXProject section */

/* Begin PBXResourcesBuildPhase section */
		006A6D1D1F7B342D00DCFE62 /* Resources */ = {
			isa = PBXResourcesBuildPhase;
			buildActionMask = 2147483647;
			files = (
				006A6D2E1F7B342D00DCFE62 /* Main.storyboard in Resources */,
				006A6D301F7B342D00DCFE62 /* Assets.xcassets in Resources */,
				006A6D331F7B342D00DCFE62 /* LaunchScreen.storyboard in Resources */,
			);
			runOnlyForDeploymentPostprocessing = 0;
		};
/* End PBXResourcesBuildPhase section */

/* Begin PBXSourcesBuildPhase section */
		006A6D1B1F7B342D00DCFE62 /* Sources */ = {
			isa = PBXSourcesBuildPhase;
			buildActionMask = 2147483647;
			files = (
				006A6D291F7B342D00DCFE62 /* GameScene.swift in Sources */,
				006A6D2B1F7B342D00DCFE62 /* GameViewController.swift in Sources */,
				006A6D231F7B342D00DCFE62 /* AppDelegate.swift in Sources */,
			);
			runOnlyForDeploymentPostprocessing = 0;
		};
/* End PBXSourcesBuildPhase section */

/* Begin PBXVariantGroup section */
		006A6D2C1F7B342D00DCFE62 /* Main.storyboard */ = {
			isa = PBXVariantGroup;
			children = (
				006A6D2D1F7B342D00DCFE62 /* Base */,
			);
			name = Main.storyboard;
			sourceTree = "<group>";
		};
		006A6D311F7B342D00DCFE62 /* LaunchScreen.storyboard */ = {
			isa = PBXVariantGroup;
			children = (
				006A6D321F7B342D00DCFE62 /* Base */,
			);
			name = LaunchScreen.storyboard;
			sourceTree = "<group>";
		};
/* End PBXVariantGroup section */

/* Begin XCBuildConfiguration section */
		006A6D351F7B342D00DCFE62 /* Debug */ = {
			isa = XCBuildConfiguration;
			buildSettings = {
				ALWAYS_SEARCH_USER_PATHS = NO;
				CLANG_ANALYZER_NONNULL = YES;
				CLANG_ANALYZER_NUMBER_OBJECT_CONVERSION = YES_AGGRESSIVE;
				CLANG_CXX_LANGUAGE_STANDARD = "gnu++14";
				CLANG_CXX_LIBRARY = "libc++";
				CLANG_ENABLE_MODULES = YES;
				CLANG_ENABLE_OBJC_ARC = YES;
				CLANG_WARN_BLOCK_CAPTURE_AUTORELEASING = YES;
				CLANG_WARN_BOOL_CONVERSION = YES;
				CLANG_WARN_COMMA = YES;
				CLANG_WARN_CONSTANT_CONVERSION = YES;
				CLANG_WARN_DIRECT_OBJC_ISA_USAGE = YES_ERROR;
				CLANG_WARN_DOCUMENTATION_COMMENTS = YES;
				CLANG_WARN_EMPTY_BODY = YES;
				CLANG_WARN_ENUM_CONVERSION = YES;
				CLANG_WARN_INFINITE_RECURSION = YES;
				CLANG_WARN_INT_CONVERSION = YES;
				CLANG_WARN_NON_LITERAL_NULL_CONVERSION = YES;
				CLANG_WARN_OBJC_LITERAL_CONVERSION = YES;
				CLANG_WARN_OBJC_ROOT_CLASS = YES_ERROR;
				CLANG_WARN_RANGE_LOOP_ANALYSIS = YES;
				CLANG_WARN_STRICT_PROTOTYPES = YES;
				CLANG_WARN_SUSPICIOUS_MOVE = YES;
				CLANG_WARN_UNGUARDED_AVAILABILITY = YES_AGGRESSIVE;
				CLANG_WARN_UNREACHABLE_CODE = YES;
				CLANG_WARN__DUPLICATE_METHOD_MATCH = YES;
				CODE_SIGN_IDENTITY = "iPhone Developer";
				COPY_PHASE_STRIP = NO;
				DEBUG_INFORMATION_FORMAT = dwarf;
				ENABLE_STRICT_OBJC_MSGSEND = YES;
				ENABLE_TESTABILITY = YES;
				GCC_C_LANGUAGE_STANDARD = gnu11;
				GCC_DYNAMIC_NO_PIC = NO;
				GCC_NO_COMMON_BLOCKS = YES;
				GCC_OPTIMIZATION_LEVEL = 0;
				GCC_PREPROCESSOR_DEFINITIONS = (
					"DEBUG=1",
					"$(inherited)",
				);
				GCC_WARN_64_TO_32_BIT_CONVERSION = YES;
				GCC_WARN_ABOUT_RETURN_TYPE = YES_ERROR;
				GCC_WARN_UNDECLARED_SELECTOR = YES;
				GCC_WARN_UNINITIALIZED_AUTOS = YES_AGGRESSIVE;
				GCC_WARN_UNUSED_FUNCTION = YES;
				GCC_WARN_UNUSED_VARIABLE = YES;
				IPHONEOS_DEPLOYMENT_TARGET = 11.0;
				MTL_ENABLE_DEBUG_INFO = YES;
				ONLY_ACTIVE_ARCH = YES;
				SDKROOT = iphoneos;
				SWIFT_ACTIVE_COMPILATION_CONDITIONS = DEBUG;
				SWIFT_OPTIMIZATION_LEVEL = "-Onone";
			};
			name = Debug;
		};
		006A6D361F7B342D00DCFE62 /* Release */ = {
			isa = XCBuildConfiguration;
			buildSettings = {
				ALWAYS_SEARCH_USER_PATHS = NO;
				CLANG_ANALYZER_NONNULL = YES;
				CLANG_ANALYZER_NUMBER_OBJECT_CONVERSION = YES_AGGRESSIVE;
				CLANG_CXX_LANGUAGE_STANDARD = "gnu++14";
				CLANG_CXX_LIBRARY = "libc++";
				CLANG_ENABLE_MODULES = YES;
				CLANG_ENABLE_OBJC_ARC = YES;
				CLANG_WARN_BLOCK_CAPTURE_AUTORELEASING = YES;
				CLANG_WARN_BOOL_CONVERSION = YES;
				CLANG_WARN_COMMA = YES;
				CLANG_WARN_CONSTANT_CONVERSION = YES;
				CLANG_WARN_DIRECT_OBJC_ISA_USAGE = YES_ERROR;
				CLANG_WARN_DOCUMENTATION_COMMENTS = YES;
				CLANG_WARN_EMPTY_BODY = YES;
				CLANG_WARN_ENUM_CONVERSION = YES;
				CLANG_WARN_INFINITE_RECURSION = YES;
				CLANG_WARN_INT_CONVERSION = YES;
				CLANG_WARN_NON_LITERAL_NULL_CONVERSION = YES;
				CLANG_WARN_OBJC_LITERAL_CONVERSION = YES;
				CLANG_WARN_OBJC_ROOT_CLASS = YES_ERROR;
				CLANG_WARN_RANGE_LOOP_ANALYSIS = YES;
				CLANG_WARN_STRICT_PROTOTYPES = YES;
				CLANG_WARN_SUSPICIOUS_MOVE = YES;
				CLANG_WARN_UNGUARDED_AVAILABILITY = YES_AGGRESSIVE;
				CLANG_WARN_UNREACHABLE_CODE = YES;
				CLANG_WARN__DUPLICATE_METHOD_MATCH = YES;
				CODE_SIGN_IDENTITY = "iPhone Developer";
				COPY_PHASE_STRIP = NO;
				DEBUG_INFORMATION_FORMAT = "dwarf-with-dsym";
				ENABLE_NS_ASSERTIONS = NO;
				ENABLE_STRICT_OBJC_MSGSEND = YES;
				GCC_C_LANGUAGE_STANDARD = gnu11;
				GCC_NO_COMMON_BLOCKS = YES;
				GCC_WARN_64_TO_32_BIT_CONVERSION = YES;
				GCC_WARN_ABOUT_RETURN_TYPE = YES_ERROR;
				GCC_WARN_UNDECLARED_SELECTOR = YES;
				GCC_WARN_UNINITIALIZED_AUTOS = YES_AGGRESSIVE;
				GCC_WARN_UNUSED_FUNCTION = YES;
				GCC_WARN_UNUSED_VARIABLE = YES;
				IPHONEOS_DEPLOYMENT_TARGET = 11.0;
				MTL_ENABLE_DEBUG_INFO = NO;
				SDKROOT = iphoneos;
				SWIFT_OPTIMIZATION_LEVEL = "-Owholemodule";
				VALIDATE_PRODUCT = YES;
			};
			name = Release;
		};
		006A6D381F7B342D00DCFE62 /* Debug */ = {
			isa = XCBuildConfiguration;
			buildSettings = {
				ASSETCATALOG_COMPILER_APPICON_NAME = AppIcon;
				CODE_SIGN_STYLE = Automatic;
				DEVELOPMENT_TEAM = 33NUGZ4GWE;
				INFOPLIST_FILE = "FPS AR/Info.plist";
				LD_RUNPATH_SEARCH_PATHS = "$(inherited) @executable_path/Frameworks";
				PRODUCT_BUNDLE_IDENTIFIER = "com.calebrwells.FPS-AR";
				PRODUCT_NAME = "$(TARGET_NAME)";
				SWIFT_VERSION = 4.0;
				TARGETED_DEVICE_FAMILY = 1;
			};
			name = Debug;
		};
		006A6D391F7B342D00DCFE62 /* Release */ = {
			isa = XCBuildConfiguration;
			buildSettings = {
				ASSETCATALOG_COMPILER_APPICON_NAME = AppIcon;
				CODE_SIGN_STYLE = Automatic;
				DEVELOPMENT_TEAM = 33NUGZ4GWE;
				INFOPLIST_FILE = "FPS AR/Info.plist";
				LD_RUNPATH_SEARCH_PATHS = "$(inherited) @executable_path/Frameworks";
				PRODUCT_BUNDLE_IDENTIFIER = "com.calebrwells.FPS-AR";
				PRODUCT_NAME = "$(TARGET_NAME)";
				SWIFT_VERSION = 4.0;
				TARGETED_DEVICE_FAMILY = 1;
			};
			name = Release;
		};
/* End XCBuildConfiguration section */

/* Begin XCConfigurationList section */
		006A6D1A1F7B342D00DCFE62 /* Build configuration list for PBXProject "FPS AR" */ = {
			isa = XCConfigurationList;
			buildConfigurations = (
				006A6D351F7B342D00DCFE62 /* Debug */,
				006A6D361F7B342D00DCFE62 /* Release */,
			);
			defaultConfigurationIsVisible = 0;
			defaultConfigurationName = Release;
		};
		006A6D371F7B342D00DCFE62 /* Build configuration list for PBXNativeTarget "FPS AR" */ = {
			isa = XCConfigurationList;
			buildConfigurations = (
				006A6D381F7B342D00DCFE62 /* Debug */,
				006A6D391F7B342D00DCFE62 /* Release */,
			);
			defaultConfigurationIsVisible = 0;
			defaultConfigurationName = Release;
		};
/* End XCConfigurationList section */
	};
	rootObject = 006A6D171F7B342D00DCFE62 /* Project object */;
}
